// !$*UTF8*$!
{
	archiveVersion = 1;
	classes = {
	};
	objectVersion = 56;
	objects = {

/* Begin PBXBuildFile section */
		8A36992629E3CB960098CBE4 /* document_save_tutorialApp.swift in Sources */ = {isa = PBXBuildFile; fileRef = 8A36992529E3CB960098CBE4 /* document_save_tutorialApp.swift */; };
		8A36992829E3CB960098CBE4 /* ContentView.swift in Sources */ = {isa = PBXBuildFile; fileRef = 8A36992729E3CB960098CBE4 /* ContentView.swift */; };
		8A36992A29E3CB970098CBE4 /* Assets.xcassets in Resources */ = {isa = PBXBuildFile; fileRef = 8A36992929E3CB970098CBE4 /* Assets.xcassets */; };
		8A36992D29E3CB970098CBE4 /* Preview Assets.xcassets in Resources */ = {isa = PBXBuildFile; fileRef = 8A36992C29E3CB970098CBE4 /* Preview Assets.xcassets */; };
		8A36993429E3CCB20098CBE4 /* ImageManager.swift in Sources */ = {isa = PBXBuildFile; fileRef = 8A36993329E3CCB20098CBE4 /* ImageManager.swift */; };
		8A36993729E3F04F0098CBE4 /* Image.swift in Sources */ = {isa = PBXBuildFile; fileRef = 8A36993629E3F04F0098CBE4 /* Image.swift */; };
		8A36993929E3FD740098CBE4 /* Drink.swift in Sources */ = {isa = PBXBuildFile; fileRef = 8A36993829E3FD740098CBE4 /* Drink.swift */; };
		8A36993B29E3FD7E0098CBE4 /* Drink_Realm.swift in Sources */ = {isa = PBXBuildFile; fileRef = 8A36993A29E3FD7E0098CBE4 /* Drink_Realm.swift */; };
		8A36993E29E3FDA40098CBE4 /* Realm in Frameworks */ = {isa = PBXBuildFile; productRef = 8A36993D29E3FDA40098CBE4 /* Realm */; };
		8A36994029E3FDA40098CBE4 /* RealmSwift in Frameworks */ = {isa = PBXBuildFile; productRef = 8A36993F29E3FDA40098CBE4 /* RealmSwift */; };
		8AFE5E2529E670D000937903 /* Image_Test.swift in Sources */ = {isa = PBXBuildFile; fileRef = 8AFE5E2429E670D000937903 /* Image_Test.swift */; };
		8AFE5E2829E6710500937903 /* Kingfisher in Frameworks */ = {isa = PBXBuildFile; productRef = 8AFE5E2729E6710500937903 /* Kingfisher */; };
/* End PBXBuildFile section */

/* Begin PBXFileReference section */
		8A36992229E3CB960098CBE4 /* document_save_tutorial.app */ = {isa = PBXFileReference; explicitFileType = wrapper.application; includeInIndex = 0; path = document_save_tutorial.app; sourceTree = BUILT_PRODUCTS_DIR; };
		8A36992529E3CB960098CBE4 /* document_save_tutorialApp.swift */ = {isa = PBXFileReference; lastKnownFileType = sourcecode.swift; path = document_save_tutorialApp.swift; sourceTree = "<group>"; };
		8A36992729E3CB960098CBE4 /* ContentView.swift */ = {isa = PBXFileReference; lastKnownFileType = sourcecode.swift; path = ContentView.swift; sourceTree = "<group>"; };
		8A36992929E3CB970098CBE4 /* Assets.xcassets */ = {isa = PBXFileReference; lastKnownFileType = folder.assetcatalog; path = Assets.xcassets; sourceTree = "<group>"; };
		8A36992C29E3CB970098CBE4 /* Preview Assets.xcassets */ = {isa = PBXFileReference; lastKnownFileType = folder.assetcatalog; path = "Preview Assets.xcassets"; sourceTree = "<group>"; };
		8A36993329E3CCB20098CBE4 /* ImageManager.swift */ = {isa = PBXFileReference; lastKnownFileType = sourcecode.swift; path = ImageManager.swift; sourceTree = "<group>"; };
		8A36993529E3CE350098CBE4 /* document-save-tutorial-Info.plist */ = {isa = PBXFileReference; lastKnownFileType = text.plist; path = "document-save-tutorial-Info.plist"; sourceTree = SOURCE_ROOT; };
		8A36993629E3F04F0098CBE4 /* Image.swift */ = {isa = PBXFileReference; lastKnownFileType = sourcecode.swift; path = Image.swift; sourceTree = "<group>"; };
		8A36993829E3FD740098CBE4 /* Drink.swift */ = {isa = PBXFileReference; lastKnownFileType = sourcecode.swift; path = Drink.swift; sourceTree = "<group>"; };
		8A36993A29E3FD7E0098CBE4 /* Drink_Realm.swift */ = {isa = PBXFileReference; lastKnownFileType = sourcecode.swift; path = Drink_Realm.swift; sourceTree = "<group>"; };
		8AFE5E2429E670D000937903 /* Image_Test.swift */ = {isa = PBXFileReference; lastKnownFileType = sourcecode.swift; path = Image_Test.swift; sourceTree = "<group>"; };
/* End PBXFileReference section */

/* Begin PBXFrameworksBuildPhase section */
		8A36991F29E3CB960098CBE4 /* Frameworks */ = {
			isa = PBXFrameworksBuildPhase;
			buildActionMask = 2147483647;
			files = (
				8AFE5E2829E6710500937903 /* Kingfisher in Frameworks */,
				8A36994029E3FDA40098CBE4 /* RealmSwift in Frameworks */,
				8A36993E29E3FDA40098CBE4 /* Realm in Frameworks */,
			);
			runOnlyForDeploymentPostprocessing = 0;
		};
/* End PBXFrameworksBuildPhase section */

/* Begin PBXGroup section */
		8A36991929E3CB960098CBE4 = {
			isa = PBXGroup;
			children = (
				8A36992429E3CB960098CBE4 /* document_save_tutorial */,
				8A36992329E3CB960098CBE4 /* Products */,
			);
			sourceTree = "<group>";
		};
		8A36992329E3CB960098CBE4 /* Products */ = {
			isa = PBXGroup;
			children = (
				8A36992229E3CB960098CBE4 /* document_save_tutorial.app */,
			);
			name = Products;
			sourceTree = "<group>";
		};
		8A36992429E3CB960098CBE4 /* document_save_tutorial */ = {
			isa = PBXGroup;
			children = (
				8A36993529E3CE350098CBE4 /* document-save-tutorial-Info.plist */,
				8A36992529E3CB960098CBE4 /* document_save_tutorialApp.swift */,
				8A36992729E3CB960098CBE4 /* ContentView.swift */,
				8A36993629E3F04F0098CBE4 /* Image.swift */,
				8A36993329E3CCB20098CBE4 /* ImageManager.swift */,
				8A36993829E3FD740098CBE4 /* Drink.swift */,
				8A36993A29E3FD7E0098CBE4 /* Drink_Realm.swift */,
				8A36992929E3CB970098CBE4 /* Assets.xcassets */,
				8AFE5E2429E670D000937903 /* Image_Test.swift */,
				8A36992B29E3CB970098CBE4 /* Preview Content */,
			);
			path = document_save_tutorial;
			sourceTree = "<group>";
		};
		8A36992B29E3CB970098CBE4 /* Preview Content */ = {
			isa = PBXGroup;
			children = (
				8A36992C29E3CB970098CBE4 /* Preview Assets.xcassets */,
			);
			path = "Preview Content";
			sourceTree = "<group>";
		};
/* End PBXGroup section */

/* Begin PBXNativeTarget section */
		8A36992129E3CB960098CBE4 /* document_save_tutorial */ = {
			isa = PBXNativeTarget;
			buildConfigurationList = 8A36993029E3CB970098CBE4 /* Build configuration list for PBXNativeTarget "document_save_tutorial" */;
			buildPhases = (
				8A36991E29E3CB960098CBE4 /* Sources */,
				8A36991F29E3CB960098CBE4 /* Frameworks */,
				8A36992029E3CB960098CBE4 /* Resources */,
			);
			buildRules = (
			);
			dependencies = (
			);
			name = document_save_tutorial;
			packageProductDependencies = (
				8A36993D29E3FDA40098CBE4 /* Realm */,
				8A36993F29E3FDA40098CBE4 /* RealmSwift */,
				8AFE5E2729E6710500937903 /* Kingfisher */,
			);
			productName = document_save_tutorial;
			productReference = 8A36992229E3CB960098CBE4 /* document_save_tutorial.app */;
			productType = "com.apple.product-type.application";
		};
/* End PBXNativeTarget section */

/* Begin PBXProject section */
		8A36991A29E3CB960098CBE4 /* Project object */ = {
			isa = PBXProject;
			attributes = {
				BuildIndependentTargetsInParallel = 1;
				LastSwiftUpdateCheck = 1430;
				LastUpgradeCheck = 1430;
				TargetAttributes = {
					8A36992129E3CB960098CBE4 = {
						CreatedOnToolsVersion = 14.3;
					};
				};
			};
			buildConfigurationList = 8A36991D29E3CB960098CBE4 /* Build configuration list for PBXProject "document_save_tutorial" */;
			compatibilityVersion = "Xcode 14.0";
			developmentRegion = en;
			hasScannedForEncodings = 0;
			knownRegions = (
				en,
				Base,
			);
			mainGroup = 8A36991929E3CB960098CBE4;
			packageReferences = (
				8A36993C29E3FDA40098CBE4 /* XCRemoteSwiftPackageReference "realm-swift" */,
				8AFE5E2629E6710500937903 /* XCRemoteSwiftPackageReference "Kingfisher" */,
			);
			productRefGroup = 8A36992329E3CB960098CBE4 /* Products */;
			projectDirPath = "";
			projectRoot = "";
			targets = (
				8A36992129E3CB960098CBE4 /* document_save_tutorial */,
			);
		};
/* End PBXProject section */

/* Begin PBXResourcesBuildPhase section */
		8A36992029E3CB960098CBE4 /* Resources */ = {
			isa = PBXResourcesBuildPhase;
			buildActionMask = 2147483647;
			files = (
				8A36992D29E3CB970098CBE4 /* Preview Assets.xcassets in Resources */,
				8A36992A29E3CB970098CBE4 /* Assets.xcassets in Resources */,
			);
			runOnlyForDeploymentPostprocessing = 0;
		};
/* End PBXResourcesBuildPhase section */

/* Begin PBXSourcesBuildPhase section */
		8A36991E29E3CB960098CBE4 /* Sources */ = {
			isa = PBXSourcesBuildPhase;
			buildActionMask = 2147483647;
			files = (
				8A36993429E3CCB20098CBE4 /* ImageManager.swift in Sources */,
				8A36993729E3F04F0098CBE4 /* Image.swift in Sources */,
				8A36993B29E3FD7E0098CBE4 /* Drink_Realm.swift in Sources */,
				8A36992829E3CB960098CBE4 /* ContentView.swift in Sources */,
				8A36993929E3FD740098CBE4 /* Drink.swift in Sources */,
				8A36992629E3CB960098CBE4 /* document_save_tutorialApp.swift in Sources */,
				8AFE5E2529E670D000937903 /* Image_Test.swift in Sources */,
			);
			runOnlyForDeploymentPostprocessing = 0;
		};
/* End PBXSourcesBuildPhase section */

/* Begin XCBuildConfiguration section */
		8A36992E29E3CB970098CBE4 /* Debug */ = {
			isa = XCBuildConfiguration;
			buildSettings = {
				ALWAYS_SEARCH_USER_PATHS = NO;
				CLANG_ANALYZER_NONNULL = YES;
				CLANG_ANALYZER_NUMBER_OBJECT_CONVERSION = YES_AGGRESSIVE;
				CLANG_CXX_LANGUAGE_STANDARD = "gnu++20";
				CLANG_ENABLE_MODULES = YES;
				CLANG_ENABLE_OBJC_ARC = YES;
				CLANG_ENABLE_OBJC_WEAK = YES;
				CLANG_WARN_BLOCK_CAPTURE_AUTORELEASING = YES;
				CLANG_WARN_BOOL_CONVERSION = YES;
				CLANG_WARN_COMMA = YES;
				CLANG_WARN_CONSTANT_CONVERSION = YES;
				CLANG_WARN_DEPRECATED_OBJC_IMPLEMENTATIONS = YES;
				CLANG_WARN_DIRECT_OBJC_ISA_USAGE = YES_ERROR;
				CLANG_WARN_DOCUMENTATION_COMMENTS = YES;
				CLANG_WARN_EMPTY_BODY = YES;
				CLANG_WARN_ENUM_CONVERSION = YES;
				CLANG_WARN_INFINITE_RECURSION = YES;
				CLANG_WARN_INT_CONVERSION = YES;
				CLANG_WARN_NON_LITERAL_NULL_CONVERSION = YES;
				CLANG_WARN_OBJC_IMPLICIT_RETAIN_SELF = YES;
				CLANG_WARN_OBJC_LITERAL_CONVERSION = YES;
				CLANG_WARN_OBJC_ROOT_CLASS = YES_ERROR;
				CLANG_WARN_QUOTED_INCLUDE_IN_FRAMEWORK_HEADER = YES;
				CLANG_WARN_RANGE_LOOP_ANALYSIS = YES;
				CLANG_WARN_STRICT_PROTOTYPES = YES;
				CLANG_WARN_SUSPICIOUS_MOVE = YES;
				CLANG_WARN_UNGUARDED_AVAILABILITY = YES_AGGRESSIVE;
				CLANG_WARN_UNREACHABLE_CODE = YES;
				CLANG_WARN__DUPLICATE_METHOD_MATCH = YES;
				COPY_PHASE_STRIP = NO;
				DEBUG_INFORMATION_FORMAT = dwarf;
				ENABLE_STRICT_OBJC_MSGSEND = YES;
				ENABLE_TESTABILITY = YES;
				GCC_C_LANGUAGE_STANDARD = gnu11;
				GCC_DYNAMIC_NO_PIC = NO;
				GCC_NO_COMMON_BLOCKS = YES;
				GCC_OPTIMIZATION_LEVEL = 0;
				GCC_PREPROCESSOR_DEFINITIONS = (
					"DEBUG=1",
					"$(inherited)",
				);
				GCC_WARN_64_TO_32_BIT_CONVERSION = YES;
				GCC_WARN_ABOUT_RETURN_TYPE = YES_ERROR;
				GCC_WARN_UNDECLARED_SELECTOR = YES;
				GCC_WARN_UNINITIALIZED_AUTOS = YES_AGGRESSIVE;
				GCC_WARN_UNUSED_FUNCTION = YES;
				GCC_WARN_UNUSED_VARIABLE = YES;
				IPHONEOS_DEPLOYMENT_TARGET = 16.4;
				MTL_ENABLE_DEBUG_INFO = INCLUDE_SOURCE;
				MTL_FAST_MATH = YES;
				ONLY_ACTIVE_ARCH = YES;
				SDKROOT = iphoneos;
				SWIFT_ACTIVE_COMPILATION_CONDITIONS = DEBUG;
				SWIFT_OPTIMIZATION_LEVEL = "-Onone";
			};
			name = Debug;
		};
		8A36992F29E3CB970098CBE4 /* Release */ = {
			isa = XCBuildConfiguration;
			buildSettings = {
				ALWAYS_SEARCH_USER_PATHS = NO;
				CLANG_ANALYZER_NONNULL = YES;
				CLANG_ANALYZER_NUMBER_OBJECT_CONVERSION = YES_AGGRESSIVE;
				CLANG_CXX_LANGUAGE_STANDARD = "gnu++20";
				CLANG_ENABLE_MODULES = YES;
				CLANG_ENABLE_OBJC_ARC = YES;
				CLANG_ENABLE_OBJC_WEAK = YES;
				CLANG_WARN_BLOCK_CAPTURE_AUTORELEASING = YES;
				CLANG_WARN_BOOL_CONVERSION = YES;
				CLANG_WARN_COMMA = YES;
				CLANG_WARN_CONSTANT_CONVERSION = YES;
				CLANG_WARN_DEPRECATED_OBJC_IMPLEMENTATIONS = YES;
				CLANG_WARN_DIRECT_OBJC_ISA_USAGE = YES_ERROR;
				CLANG_WARN_DOCUMENTATION_COMMENTS = YES;
				CLANG_WARN_EMPTY_BODY = YES;
				CLANG_WARN_ENUM_CONVERSION = YES;
				CLANG_WARN_INFINITE_RECURSION = YES;
				CLANG_WARN_INT_CONVERSION = YES;
				CLANG_WARN_NON_LITERAL_NULL_CONVERSION = YES;
				CLANG_WARN_OBJC_IMPLICIT_RETAIN_SELF = YES;
				CLANG_WARN_OBJC_LITERAL_CONVERSION = YES;
				CLANG_WARN_OBJC_ROOT_CLASS = YES_ERROR;
				CLANG_WARN_QUOTED_INCLUDE_IN_FRAMEWORK_HEADER = YES;
				CLANG_WARN_RANGE_LOOP_ANALYSIS = YES;
				CLANG_WARN_STRICT_PROTOTYPES = YES;
				CLANG_WARN_SUSPICIOUS_MOVE = YES;
				CLANG_WARN_UNGUARDED_AVAILABILITY = YES_AGGRESSIVE;
				CLANG_WARN_UNREACHABLE_CODE = YES;
				CLANG_WARN__DUPLICATE_METHOD_MATCH = YES;
				COPY_PHASE_STRIP = NO;
				DEBUG_INFORMATION_FORMAT = "dwarf-with-dsym";
				ENABLE_NS_ASSERTIONS = NO;
				ENABLE_STRICT_OBJC_MSGSEND = YES;
				GCC_C_LANGUAGE_STANDARD = gnu11;
				GCC_NO_COMMON_BLOCKS = YES;
				GCC_WARN_64_TO_32_BIT_CONVERSION = YES;
				GCC_WARN_ABOUT_RETURN_TYPE = YES_ERROR;
				GCC_WARN_UNDECLARED_SELECTOR = YES;
				GCC_WARN_UNINITIALIZED_AUTOS = YES_AGGRESSIVE;
				GCC_WARN_UNUSED_FUNCTION = YES;
				GCC_WARN_UNUSED_VARIABLE = YES;
				IPHONEOS_DEPLOYMENT_TARGET = 16.4;
				MTL_ENABLE_DEBUG_INFO = NO;
				MTL_FAST_MATH = YES;
				SDKROOT = iphoneos;
				SWIFT_COMPILATION_MODE = wholemodule;
				SWIFT_OPTIMIZATION_LEVEL = "-O";
				VALIDATE_PRODUCT = YES;
			};
			name = Release;
		};
		8A36993129E3CB970098CBE4 /* Debug */ = {
			isa = XCBuildConfiguration;
			buildSettings = {
				ASSETCATALOG_COMPILER_APPICON_NAME = AppIcon;
				ASSETCATALOG_COMPILER_GLOBAL_ACCENT_COLOR_NAME = AccentColor;
				CODE_SIGN_STYLE = Automatic;
				CURRENT_PROJECT_VERSION = 1;
				DEVELOPMENT_ASSET_PATHS = "\"document_save_tutorial/Preview Content\"";
				DEVELOPMENT_TEAM = JNYZF4BBNC;
				ENABLE_PREVIEWS = YES;
				GENERATE_INFOPLIST_FILE = YES;
				INFOPLIST_FILE = "document-save-tutorial-Info.plist";
				INFOPLIST_KEY_CFBundleDisplayName = "";
				INFOPLIST_KEY_LSApplicationCategoryType = "";
				INFOPLIST_KEY_UIApplicationSceneManifest_Generation = YES;
				INFOPLIST_KEY_UIApplicationSupportsIndirectInputEvents = YES;
				INFOPLIST_KEY_UILaunchScreen_Generation = YES;
				INFOPLIST_KEY_UISupportedInterfaceOrientations_iPad = "UIInterfaceOrientationPortrait UIInterfaceOrientationPortraitUpsideDown UIInterfaceOrientationLandscapeLeft UIInterfaceOrientationLandscapeRight";
				INFOPLIST_KEY_UISupportedInterfaceOrientations_iPhone = "UIInterfaceOrientationPortrait UIInterfaceOrientationLandscapeLeft UIInterfaceOrientationLandscapeRight";
				LD_RUNPATH_SEARCH_PATHS = (
					"$(inherited)",
					"@executable_path/Frameworks",
				);
				MARKETING_VERSION = 1.0;
				PRODUCT_BUNDLE_IDENTIFIER = "sik.document-save-tutorial";
				PRODUCT_NAME = "$(TARGET_NAME)";
				SWIFT_EMIT_LOC_STRINGS = YES;
				SWIFT_VERSION = 5.0;
				TARGETED_DEVICE_FAMILY = "1,2";
			};
			name = Debug;
		};
		8A36993229E3CB970098CBE4 /* Release */ = {
			isa = XCBuildConfiguration;
			buildSettings = {
				ASSETCATALOG_COMPILER_APPICON_NAME = AppIcon;
				ASSETCATALOG_COMPILER_GLOBAL_ACCENT_COLOR_NAME = AccentColor;
				CODE_SIGN_STYLE = Automatic;
				CURRENT_PROJECT_VERSION = 1;
				DEVELOPMENT_ASSET_PATHS = "\"document_save_tutorial/Preview Content\"";
				DEVELOPMENT_TEAM = JNYZF4BBNC;
				ENABLE_PREVIEWS = YES;
				GENERATE_INFOPLIST_FILE = YES;
				INFOPLIST_FILE = "document-save-tutorial-Info.plist";
				INFOPLIST_KEY_CFBundleDisplayName = "";
				INFOPLIST_KEY_LSApplicationCategoryType = "";
				INFOPLIST_KEY_UIApplicationSceneManifest_Generation = YES;
				INFOPLIST_KEY_UIApplicationSupportsIndirectInputEvents = YES;
				INFOPLIST_KEY_UILaunchScreen_Generation = YES;
				INFOPLIST_KEY_UISupportedInterfaceOrientations_iPad = "UIInterfaceOrientationPortrait UIInterfaceOrientationPortraitUpsideDown UIInterfaceOrientationLandscapeLeft UIInterfaceOrientationLandscapeRight";
				INFOPLIST_KEY_UISupportedInterfaceOrientations_iPhone = "UIInterfaceOrientationPortrait UIInterfaceOrientationLandscapeLeft UIInterfaceOrientationLandscapeRight";
				LD_RUNPATH_SEARCH_PATHS = (
					"$(inherited)",
					"@executable_path/Frameworks",
				);
				MARKETING_VERSION = 1.0;
				PRODUCT_BUNDLE_IDENTIFIER = "sik.document-save-tutorial";
				PRODUCT_NAME = "$(TARGET_NAME)";
				SWIFT_EMIT_LOC_STRINGS = YES;
				SWIFT_VERSION = 5.0;
				TARGETED_DEVICE_FAMILY = "1,2";
			};
			name = Release;
		};
/* End XCBuildConfiguration section */

/* Begin XCConfigurationList section */
		8A36991D29E3CB960098CBE4 /* Build configuration list for PBXProject "document_save_tutorial" */ = {
			isa = XCConfigurationList;
			buildConfigurations = (
				8A36992E29E3CB970098CBE4 /* Debug */,
				8A36992F29E3CB970098CBE4 /* Release */,
			);
			defaultConfigurationIsVisible = 0;
			defaultConfigurationName = Release;
		};
		8A36993029E3CB970098CBE4 /* Build configuration list for PBXNativeTarget "document_save_tutorial" */ = {
			isa = XCConfigurationList;
			buildConfigurations = (
				8A36993129E3CB970098CBE4 /* Debug */,
				8A36993229E3CB970098CBE4 /* Release */,
			);
			defaultConfigurationIsVisible = 0;
			defaultConfigurationName = Release;
		};
/* End XCConfigurationList section */

/* Begin XCRemoteSwiftPackageReference section */
		8A36993C29E3FDA40098CBE4 /* XCRemoteSwiftPackageReference "realm-swift" */ = {
			isa = XCRemoteSwiftPackageReference;
			repositoryURL = "https://github.com/realm/realm-swift.git";
			requirement = {
				branch = master;
				kind = branch;
			};
		};
		8AFE5E2629E6710500937903 /* XCRemoteSwiftPackageReference "Kingfisher" */ = {
			isa = XCRemoteSwiftPackageReference;
			repositoryURL = "https://github.com/onevcat/Kingfisher.git";
			requirement = {
				kind = upToNextMajorVersion;
				minimumVersion = 7.0.0;
			};
		};
/* End XCRemoteSwiftPackageReference section */

/* Begin XCSwiftPackageProductDependency section */
		8A36993D29E3FDA40098CBE4 /* Realm */ = {
			isa = XCSwiftPackageProductDependency;
			package = 8A36993C29E3FDA40098CBE4 /* XCRemoteSwiftPackageReference "realm-swift" */;
			productName = Realm;
		};
		8A36993F29E3FDA40098CBE4 /* RealmSwift */ = {
			isa = XCSwiftPackageProductDependency;
			package = 8A36993C29E3FDA40098CBE4 /* XCRemoteSwiftPackageReference "realm-swift" */;
			productName = RealmSwift;
		};
		8AFE5E2729E6710500937903 /* Kingfisher */ = {
			isa = XCSwiftPackageProductDependency;
			package = 8AFE5E2629E6710500937903 /* XCRemoteSwiftPackageReference "Kingfisher" */;
			productName = Kingfisher;
		};
/* End XCSwiftPackageProductDependency section */
	};
	rootObject = 8A36991A29E3CB960098CBE4 /* Project object */;
}
