// !$*UTF8*$!
{
	archiveVersion = 1;
	classes = {
	};
	objectVersion = 56;
	objects = {

/* Begin PBXBuildFile section */
		8A216FC62A32DEF600C46589 /* WebViewKit in Frameworks */ = {isa = PBXBuildFile; productRef = 8A216FC52A32DEF600C46589 /* WebViewKit */; };
		8A216FC92A32E02E00C46589 /* WebView in Frameworks */ = {isa = PBXBuildFile; productRef = 8A216FC82A32E02E00C46589 /* WebView */; };
		8ABF56A12A1F37D600574783 /* dictionary_testApp.swift in Sources */ = {isa = PBXBuildFile; fileRef = 8ABF56A02A1F37D600574783 /* dictionary_testApp.swift */; };
		8ABF56A32A1F37D600574783 /* ContentView.swift in Sources */ = {isa = PBXBuildFile; fileRef = 8ABF56A22A1F37D600574783 /* ContentView.swift */; };
		8ABF56A52A1F37D700574783 /* Assets.xcassets in Resources */ = {isa = PBXBuildFile; fileRef = 8ABF56A42A1F37D700574783 /* Assets.xcassets */; };
		8ABF56A82A1F37D700574783 /* Preview Assets.xcassets in Resources */ = {isa = PBXBuildFile; fileRef = 8ABF56A72A1F37D700574783 /* Preview Assets.xcassets */; };
		8ABF56AF2A1F37DE00574783 /* user.swift in Sources */ = {isa = PBXBuildFile; fileRef = 8ABF56AE2A1F37DE00574783 /* user.swift */; };
		8ABF56B12A1F37E300574783 /* review.swift in Sources */ = {isa = PBXBuildFile; fileRef = 8ABF56B02A1F37E300574783 /* review.swift */; };
/* End PBXBuildFile section */

/* Begin PBXFileReference section */
		8ABF569D2A1F37D600574783 /* dictionary_test.app */ = {isa = PBXFileReference; explicitFileType = wrapper.application; includeInIndex = 0; path = dictionary_test.app; sourceTree = BUILT_PRODUCTS_DIR; };
		8ABF56A02A1F37D600574783 /* dictionary_testApp.swift */ = {isa = PBXFileReference; lastKnownFileType = sourcecode.swift; path = dictionary_testApp.swift; sourceTree = "<group>"; };
		8ABF56A22A1F37D600574783 /* ContentView.swift */ = {isa = PBXFileReference; lastKnownFileType = sourcecode.swift; path = ContentView.swift; sourceTree = "<group>"; };
		8ABF56A42A1F37D700574783 /* Assets.xcassets */ = {isa = PBXFileReference; lastKnownFileType = folder.assetcatalog; path = Assets.xcassets; sourceTree = "<group>"; };
		8ABF56A72A1F37D700574783 /* Preview Assets.xcassets */ = {isa = PBXFileReference; lastKnownFileType = folder.assetcatalog; path = "Preview Assets.xcassets"; sourceTree = "<group>"; };
		8ABF56AE2A1F37DE00574783 /* user.swift */ = {isa = PBXFileReference; lastKnownFileType = sourcecode.swift; path = user.swift; sourceTree = "<group>"; };
		8ABF56B02A1F37E300574783 /* review.swift */ = {isa = PBXFileReference; lastKnownFileType = sourcecode.swift; path = review.swift; sourceTree = "<group>"; };
/* End PBXFileReference section */

/* Begin PBXFrameworksBuildPhase section */
		8ABF569A2A1F37D600574783 /* Frameworks */ = {
			isa = PBXFrameworksBuildPhase;
			buildActionMask = 2147483647;
			files = (
				8A216FC92A32E02E00C46589 /* WebView in Frameworks */,
				8A216FC62A32DEF600C46589 /* WebViewKit in Frameworks */,
			);
			runOnlyForDeploymentPostprocessing = 0;
		};
/* End PBXFrameworksBuildPhase section */

/* Begin PBXGroup section */
		8ABF56942A1F37D600574783 = {
			isa = PBXGroup;
			children = (
				8ABF569F2A1F37D600574783 /* dictionary_test */,
				8ABF569E2A1F37D600574783 /* Products */,
			);
			sourceTree = "<group>";
		};
		8ABF569E2A1F37D600574783 /* Products */ = {
			isa = PBXGroup;
			children = (
				8ABF569D2A1F37D600574783 /* dictionary_test.app */,
			);
			name = Products;
			sourceTree = "<group>";
		};
		8ABF569F2A1F37D600574783 /* dictionary_test */ = {
			isa = PBXGroup;
			children = (
				8ABF56A02A1F37D600574783 /* dictionary_testApp.swift */,
				8ABF56A22A1F37D600574783 /* ContentView.swift */,
				8ABF56A42A1F37D700574783 /* Assets.xcassets */,
				8ABF56A62A1F37D700574783 /* Preview Content */,
				8ABF56AE2A1F37DE00574783 /* user.swift */,
				8ABF56B02A1F37E300574783 /* review.swift */,
			);
			path = dictionary_test;
			sourceTree = "<group>";
		};
		8ABF56A62A1F37D700574783 /* Preview Content */ = {
			isa = PBXGroup;
			children = (
				8ABF56A72A1F37D700574783 /* Preview Assets.xcassets */,
			);
			path = "Preview Content";
			sourceTree = "<group>";
		};
/* End PBXGroup section */

/* Begin PBXNativeTarget section */
		8ABF569C2A1F37D600574783 /* dictionary_test */ = {
			isa = PBXNativeTarget;
			buildConfigurationList = 8ABF56AB2A1F37D700574783 /* Build configuration list for PBXNativeTarget "dictionary_test" */;
			buildPhases = (
				8ABF56992A1F37D600574783 /* Sources */,
				8ABF569A2A1F37D600574783 /* Frameworks */,
				8ABF569B2A1F37D600574783 /* Resources */,
			);
			buildRules = (
			);
			dependencies = (
			);
			name = dictionary_test;
			packageProductDependencies = (
				8A216FC52A32DEF600C46589 /* WebViewKit */,
				8A216FC82A32E02E00C46589 /* WebView */,
			);
			productName = dictionary_test;
			productReference = 8ABF569D2A1F37D600574783 /* dictionary_test.app */;
			productType = "com.apple.product-type.application";
		};
/* End PBXNativeTarget section */

/* Begin PBXProject section */
		8ABF56952A1F37D600574783 /* Project object */ = {
			isa = PBXProject;
			attributes = {
				BuildIndependentTargetsInParallel = 1;
				LastSwiftUpdateCheck = 1430;
				LastUpgradeCheck = 1430;
				TargetAttributes = {
					8ABF569C2A1F37D600574783 = {
						CreatedOnToolsVersion = 14.3;
					};
				};
			};
			buildConfigurationList = 8ABF56982A1F37D600574783 /* Build configuration list for PBXProject "dictionary_test" */;
			compatibilityVersion = "Xcode 14.0";
			developmentRegion = en;
			hasScannedForEncodings = 0;
			knownRegions = (
				en,
				Base,
			);
			mainGroup = 8ABF56942A1F37D600574783;
			packageReferences = (
				8A216FC42A32DEF600C46589 /* XCRemoteSwiftPackageReference "WebViewKit" */,
				8A216FC72A32E02E00C46589 /* XCRemoteSwiftPackageReference "SwiftUI-WebView" */,
			);
			productRefGroup = 8ABF569E2A1F37D600574783 /* Products */;
			projectDirPath = "";
			projectRoot = "";
			targets = (
				8ABF569C2A1F37D600574783 /* dictionary_test */,
			);
		};
/* End PBXProject section */

/* Begin PBXResourcesBuildPhase section */
		8ABF569B2A1F37D600574783 /* Resources */ = {
			isa = PBXResourcesBuildPhase;
			buildActionMask = 2147483647;
			files = (
				8ABF56A82A1F37D700574783 /* Preview Assets.xcassets in Resources */,
				8ABF56A52A1F37D700574783 /* Assets.xcassets in Resources */,
			);
			runOnlyForDeploymentPostprocessing = 0;
		};
/* End PBXResourcesBuildPhase section */

/* Begin PBXSourcesBuildPhase section */
		8ABF56992A1F37D600574783 /* Sources */ = {
			isa = PBXSourcesBuildPhase;
			buildActionMask = 2147483647;
			files = (
				8ABF56A32A1F37D600574783 /* ContentView.swift in Sources */,
				8ABF56B12A1F37E300574783 /* review.swift in Sources */,
				8ABF56A12A1F37D600574783 /* dictionary_testApp.swift in Sources */,
				8ABF56AF2A1F37DE00574783 /* user.swift in Sources */,
			);
			runOnlyForDeploymentPostprocessing = 0;
		};
/* End PBXSourcesBuildPhase section */

/* Begin XCBuildConfiguration section */
		8ABF56A92A1F37D700574783 /* Debug */ = {
			isa = XCBuildConfiguration;
			buildSettings = {
				ALWAYS_SEARCH_USER_PATHS = NO;
				CLANG_ANALYZER_NONNULL = YES;
				CLANG_ANALYZER_NUMBER_OBJECT_CONVERSION = YES_AGGRESSIVE;
				CLANG_CXX_LANGUAGE_STANDARD = "gnu++20";
				CLANG_ENABLE_MODULES = YES;
				CLANG_ENABLE_OBJC_ARC = YES;
				CLANG_ENABLE_OBJC_WEAK = YES;
				CLANG_WARN_BLOCK_CAPTURE_AUTORELEASING = YES;
				CLANG_WARN_BOOL_CONVERSION = YES;
				CLANG_WARN_COMMA = YES;
				CLANG_WARN_CONSTANT_CONVERSION = YES;
				CLANG_WARN_DEPRECATED_OBJC_IMPLEMENTATIONS = YES;
				CLANG_WARN_DIRECT_OBJC_ISA_USAGE = YES_ERROR;
				CLANG_WARN_DOCUMENTATION_COMMENTS = YES;
				CLANG_WARN_EMPTY_BODY = YES;
				CLANG_WARN_ENUM_CONVERSION = YES;
				CLANG_WARN_INFINITE_RECURSION = YES;
				CLANG_WARN_INT_CONVERSION = YES;
				CLANG_WARN_NON_LITERAL_NULL_CONVERSION = YES;
				CLANG_WARN_OBJC_IMPLICIT_RETAIN_SELF = YES;
				CLANG_WARN_OBJC_LITERAL_CONVERSION = YES;
				CLANG_WARN_OBJC_ROOT_CLASS = YES_ERROR;
				CLANG_WARN_QUOTED_INCLUDE_IN_FRAMEWORK_HEADER = YES;
				CLANG_WARN_RANGE_LOOP_ANALYSIS = YES;
				CLANG_WARN_STRICT_PROTOTYPES = YES;
				CLANG_WARN_SUSPICIOUS_MOVE = YES;
				CLANG_WARN_UNGUARDED_AVAILABILITY = YES_AGGRESSIVE;
				CLANG_WARN_UNREACHABLE_CODE = YES;
				CLANG_WARN__DUPLICATE_METHOD_MATCH = YES;
				COPY_PHASE_STRIP = NO;
				DEBUG_INFORMATION_FORMAT = dwarf;
				ENABLE_STRICT_OBJC_MSGSEND = YES;
				ENABLE_TESTABILITY = YES;
				GCC_C_LANGUAGE_STANDARD = gnu11;
				GCC_DYNAMIC_NO_PIC = NO;
				GCC_NO_COMMON_BLOCKS = YES;
				GCC_OPTIMIZATION_LEVEL = 0;
				GCC_PREPROCESSOR_DEFINITIONS = (
					"DEBUG=1",
					"$(inherited)",
				);
				GCC_WARN_64_TO_32_BIT_CONVERSION = YES;
				GCC_WARN_ABOUT_RETURN_TYPE = YES_ERROR;
				GCC_WARN_UNDECLARED_SELECTOR = YES;
				GCC_WARN_UNINITIALIZED_AUTOS = YES_AGGRESSIVE;
				GCC_WARN_UNUSED_FUNCTION = YES;
				GCC_WARN_UNUSED_VARIABLE = YES;
				IPHONEOS_DEPLOYMENT_TARGET = 16.4;
				MTL_ENABLE_DEBUG_INFO = INCLUDE_SOURCE;
				MTL_FAST_MATH = YES;
				ONLY_ACTIVE_ARCH = YES;
				SDKROOT = iphoneos;
				SWIFT_ACTIVE_COMPILATION_CONDITIONS = DEBUG;
				SWIFT_OPTIMIZATION_LEVEL = "-Onone";
			};
			name = Debug;
		};
		8ABF56AA2A1F37D700574783 /* Release */ = {
			isa = XCBuildConfiguration;
			buildSettings = {
				ALWAYS_SEARCH_USER_PATHS = NO;
				CLANG_ANALYZER_NONNULL = YES;
				CLANG_ANALYZER_NUMBER_OBJECT_CONVERSION = YES_AGGRESSIVE;
				CLANG_CXX_LANGUAGE_STANDARD = "gnu++20";
				CLANG_ENABLE_MODULES = YES;
				CLANG_ENABLE_OBJC_ARC = YES;
				CLANG_ENABLE_OBJC_WEAK = YES;
				CLANG_WARN_BLOCK_CAPTURE_AUTORELEASING = YES;
				CLANG_WARN_BOOL_CONVERSION = YES;
				CLANG_WARN_COMMA = YES;
				CLANG_WARN_CONSTANT_CONVERSION = YES;
				CLANG_WARN_DEPRECATED_OBJC_IMPLEMENTATIONS = YES;
				CLANG_WARN_DIRECT_OBJC_ISA_USAGE = YES_ERROR;
				CLANG_WARN_DOCUMENTATION_COMMENTS = YES;
				CLANG_WARN_EMPTY_BODY = YES;
				CLANG_WARN_ENUM_CONVERSION = YES;
				CLANG_WARN_INFINITE_RECURSION = YES;
				CLANG_WARN_INT_CONVERSION = YES;
				CLANG_WARN_NON_LITERAL_NULL_CONVERSION = YES;
				CLANG_WARN_OBJC_IMPLICIT_RETAIN_SELF = YES;
				CLANG_WARN_OBJC_LITERAL_CONVERSION = YES;
				CLANG_WARN_OBJC_ROOT_CLASS = YES_ERROR;
				CLANG_WARN_QUOTED_INCLUDE_IN_FRAMEWORK_HEADER = YES;
				CLANG_WARN_RANGE_LOOP_ANALYSIS = YES;
				CLANG_WARN_STRICT_PROTOTYPES = YES;
				CLANG_WARN_SUSPICIOUS_MOVE = YES;
				CLANG_WARN_UNGUARDED_AVAILABILITY = YES_AGGRESSIVE;
				CLANG_WARN_UNREACHABLE_CODE = YES;
				CLANG_WARN__DUPLICATE_METHOD_MATCH = YES;
				COPY_PHASE_STRIP = NO;
				DEBUG_INFORMATION_FORMAT = "dwarf-with-dsym";
				ENABLE_NS_ASSERTIONS = NO;
				ENABLE_STRICT_OBJC_MSGSEND = YES;
				GCC_C_LANGUAGE_STANDARD = gnu11;
				GCC_NO_COMMON_BLOCKS = YES;
				GCC_WARN_64_TO_32_BIT_CONVERSION = YES;
				GCC_WARN_ABOUT_RETURN_TYPE = YES_ERROR;
				GCC_WARN_UNDECLARED_SELECTOR = YES;
				GCC_WARN_UNINITIALIZED_AUTOS = YES_AGGRESSIVE;
				GCC_WARN_UNUSED_FUNCTION = YES;
				GCC_WARN_UNUSED_VARIABLE = YES;
				IPHONEOS_DEPLOYMENT_TARGET = 16.4;
				MTL_ENABLE_DEBUG_INFO = NO;
				MTL_FAST_MATH = YES;
				SDKROOT = iphoneos;
				SWIFT_COMPILATION_MODE = wholemodule;
				SWIFT_OPTIMIZATION_LEVEL = "-O";
				VALIDATE_PRODUCT = YES;
			};
			name = Release;
		};
		8ABF56AC2A1F37D700574783 /* Debug */ = {
			isa = XCBuildConfiguration;
			buildSettings = {
				ASSETCATALOG_COMPILER_APPICON_NAME = AppIcon;
				ASSETCATALOG_COMPILER_GLOBAL_ACCENT_COLOR_NAME = AccentColor;
				CODE_SIGN_STYLE = Automatic;
				CURRENT_PROJECT_VERSION = 1;
				DEVELOPMENT_ASSET_PATHS = "\"dictionary_test/Preview Content\"";
				DEVELOPMENT_TEAM = JNYZF4BBNC;
				ENABLE_PREVIEWS = YES;
				GENERATE_INFOPLIST_FILE = YES;
				INFOPLIST_KEY_UIApplicationSceneManifest_Generation = YES;
				INFOPLIST_KEY_UIApplicationSupportsIndirectInputEvents = YES;
				INFOPLIST_KEY_UILaunchScreen_Generation = YES;
				INFOPLIST_KEY_UISupportedInterfaceOrientations_iPad = "UIInterfaceOrientationPortrait UIInterfaceOrientationPortraitUpsideDown UIInterfaceOrientationLandscapeLeft UIInterfaceOrientationLandscapeRight";
				INFOPLIST_KEY_UISupportedInterfaceOrientations_iPhone = "UIInterfaceOrientationPortrait UIInterfaceOrientationLandscapeLeft UIInterfaceOrientationLandscapeRight";
				LD_RUNPATH_SEARCH_PATHS = (
					"$(inherited)",
					"@executable_path/Frameworks",
				);
				MARKETING_VERSION = 1.0;
				PRODUCT_BUNDLE_IDENTIFIER = "sik.dictionary-test";
				PRODUCT_NAME = "$(TARGET_NAME)";
				SWIFT_EMIT_LOC_STRINGS = YES;
				SWIFT_VERSION = 5.0;
				TARGETED_DEVICE_FAMILY = "1,2";
			};
			name = Debug;
		};
		8ABF56AD2A1F37D700574783 /* Release */ = {
			isa = XCBuildConfiguration;
			buildSettings = {
				ASSETCATALOG_COMPILER_APPICON_NAME = AppIcon;
				ASSETCATALOG_COMPILER_GLOBAL_ACCENT_COLOR_NAME = AccentColor;
				CODE_SIGN_STYLE = Automatic;
				CURRENT_PROJECT_VERSION = 1;
				DEVELOPMENT_ASSET_PATHS = "\"dictionary_test/Preview Content\"";
				DEVELOPMENT_TEAM = JNYZF4BBNC;
				ENABLE_PREVIEWS = YES;
				GENERATE_INFOPLIST_FILE = YES;
				INFOPLIST_KEY_UIApplicationSceneManifest_Generation = YES;
				INFOPLIST_KEY_UIApplicationSupportsIndirectInputEvents = YES;
				INFOPLIST_KEY_UILaunchScreen_Generation = YES;
				INFOPLIST_KEY_UISupportedInterfaceOrientations_iPad = "UIInterfaceOrientationPortrait UIInterfaceOrientationPortraitUpsideDown UIInterfaceOrientationLandscapeLeft UIInterfaceOrientationLandscapeRight";
				INFOPLIST_KEY_UISupportedInterfaceOrientations_iPhone = "UIInterfaceOrientationPortrait UIInterfaceOrientationLandscapeLeft UIInterfaceOrientationLandscapeRight";
				LD_RUNPATH_SEARCH_PATHS = (
					"$(inherited)",
					"@executable_path/Frameworks",
				);
				MARKETING_VERSION = 1.0;
				PRODUCT_BUNDLE_IDENTIFIER = "sik.dictionary-test";
				PRODUCT_NAME = "$(TARGET_NAME)";
				SWIFT_EMIT_LOC_STRINGS = YES;
				SWIFT_VERSION = 5.0;
				TARGETED_DEVICE_FAMILY = "1,2";
			};
			name = Release;
		};
/* End XCBuildConfiguration section */

/* Begin XCConfigurationList section */
		8ABF56982A1F37D600574783 /* Build configuration list for PBXProject "dictionary_test" */ = {
			isa = XCConfigurationList;
			buildConfigurations = (
				8ABF56A92A1F37D700574783 /* Debug */,
				8ABF56AA2A1F37D700574783 /* Release */,
			);
			defaultConfigurationIsVisible = 0;
			defaultConfigurationName = Release;
		};
		8ABF56AB2A1F37D700574783 /* Build configuration list for PBXNativeTarget "dictionary_test" */ = {
			isa = XCConfigurationList;
			buildConfigurations = (
				8ABF56AC2A1F37D700574783 /* Debug */,
				8ABF56AD2A1F37D700574783 /* Release */,
			);
			defaultConfigurationIsVisible = 0;
			defaultConfigurationName = Release;
		};
/* End XCConfigurationList section */

/* Begin XCRemoteSwiftPackageReference section */
		8A216FC42A32DEF600C46589 /* XCRemoteSwiftPackageReference "WebViewKit" */ = {
			isa = XCRemoteSwiftPackageReference;
			repositoryURL = "https://github.com/danielsaidi/WebViewKit.git";
			requirement = {
				kind = upToNextMajorVersion;
				minimumVersion = 0.2.2;
			};
		};
		8A216FC72A32E02E00C46589 /* XCRemoteSwiftPackageReference "SwiftUI-WebView" */ = {
			isa = XCRemoteSwiftPackageReference;
			repositoryURL = "https://github.com/kylehickinson/SwiftUI-WebView";
			requirement = {
				kind = upToNextMajorVersion;
				minimumVersion = 0.3.0;
			};
		};
/* End XCRemoteSwiftPackageReference section */

/* Begin XCSwiftPackageProductDependency section */
		8A216FC52A32DEF600C46589 /* WebViewKit */ = {
			isa = XCSwiftPackageProductDependency;
			package = 8A216FC42A32DEF600C46589 /* XCRemoteSwiftPackageReference "WebViewKit" */;
			productName = WebViewKit;
		};
		8A216FC82A32E02E00C46589 /* WebView */ = {
			isa = XCSwiftPackageProductDependency;
			package = 8A216FC72A32E02E00C46589 /* XCRemoteSwiftPackageReference "SwiftUI-WebView" */;
			productName = WebView;
		};
/* End XCSwiftPackageProductDependency section */
	};
	rootObject = 8ABF56952A1F37D600574783 /* Project object */;
}
