// !$*UTF8*$!
{
	archiveVersion = 1;
	classes = {
	};
	objectVersion = 56;
	objects = {

/* Begin PBXBuildFile section */
		8A86EBC929AC8D210081B990 /* testApp.swift in Sources */ = {isa = PBXBuildFile; fileRef = 8A86EBC829AC8D210081B990 /* testApp.swift */; };
		8A86EBCB29AC8D210081B990 /* ContentView.swift in Sources */ = {isa = PBXBuildFile; fileRef = 8A86EBCA29AC8D210081B990 /* ContentView.swift */; };
		8A86EBCD29AC8D220081B990 /* Assets.xcassets in Resources */ = {isa = PBXBuildFile; fileRef = 8A86EBCC29AC8D220081B990 /* Assets.xcassets */; };
		8A86EBD029AC8D220081B990 /* Preview Assets.xcassets in Resources */ = {isa = PBXBuildFile; fileRef = 8A86EBCF29AC8D220081B990 /* Preview Assets.xcassets */; };
		8A86EBDA29AC8D220081B990 /* testTests.swift in Sources */ = {isa = PBXBuildFile; fileRef = 8A86EBD929AC8D220081B990 /* testTests.swift */; };
		8A86EBE429AC8D220081B990 /* testUITests.swift in Sources */ = {isa = PBXBuildFile; fileRef = 8A86EBE329AC8D220081B990 /* testUITests.swift */; };
		8A86EBE629AC8D220081B990 /* testUITestsLaunchTests.swift in Sources */ = {isa = PBXBuildFile; fileRef = 8A86EBE529AC8D220081B990 /* testUITestsLaunchTests.swift */; };
		8A86EBF429ACA3950081B990 /* ToDosView.swift in Sources */ = {isa = PBXBuildFile; fileRef = 8A86EBF329ACA3950081B990 /* ToDosView.swift */; };
		8A86EBF629ACA7AF0081B990 /* ProfileView.swift in Sources */ = {isa = PBXBuildFile; fileRef = 8A86EBF529ACA7AF0081B990 /* ProfileView.swift */; };
/* End PBXBuildFile section */

/* Begin PBXContainerItemProxy section */
		8A86EBD629AC8D220081B990 /* PBXContainerItemProxy */ = {
			isa = PBXContainerItemProxy;
			containerPortal = 8A86EBBD29AC8D210081B990 /* Project object */;
			proxyType = 1;
			remoteGlobalIDString = 8A86EBC429AC8D210081B990;
			remoteInfo = test;
		};
		8A86EBE029AC8D220081B990 /* PBXContainerItemProxy */ = {
			isa = PBXContainerItemProxy;
			containerPortal = 8A86EBBD29AC8D210081B990 /* Project object */;
			proxyType = 1;
			remoteGlobalIDString = 8A86EBC429AC8D210081B990;
			remoteInfo = test;
		};
/* End PBXContainerItemProxy section */

/* Begin PBXFileReference section */
		8A86EBC529AC8D210081B990 /* test.app */ = {isa = PBXFileReference; explicitFileType = wrapper.application; includeInIndex = 0; path = test.app; sourceTree = BUILT_PRODUCTS_DIR; };
		8A86EBC829AC8D210081B990 /* testApp.swift */ = {isa = PBXFileReference; lastKnownFileType = sourcecode.swift; path = testApp.swift; sourceTree = "<group>"; };
		8A86EBCA29AC8D210081B990 /* ContentView.swift */ = {isa = PBXFileReference; lastKnownFileType = sourcecode.swift; path = ContentView.swift; sourceTree = "<group>"; };
		8A86EBCC29AC8D220081B990 /* Assets.xcassets */ = {isa = PBXFileReference; lastKnownFileType = folder.assetcatalog; path = Assets.xcassets; sourceTree = "<group>"; };
		8A86EBCF29AC8D220081B990 /* Preview Assets.xcassets */ = {isa = PBXFileReference; lastKnownFileType = folder.assetcatalog; path = "Preview Assets.xcassets"; sourceTree = "<group>"; };
		8A86EBD529AC8D220081B990 /* testTests.xctest */ = {isa = PBXFileReference; explicitFileType = wrapper.cfbundle; includeInIndex = 0; path = testTests.xctest; sourceTree = BUILT_PRODUCTS_DIR; };
		8A86EBD929AC8D220081B990 /* testTests.swift */ = {isa = PBXFileReference; lastKnownFileType = sourcecode.swift; path = testTests.swift; sourceTree = "<group>"; };
		8A86EBDF29AC8D220081B990 /* testUITests.xctest */ = {isa = PBXFileReference; explicitFileType = wrapper.cfbundle; includeInIndex = 0; path = testUITests.xctest; sourceTree = BUILT_PRODUCTS_DIR; };
		8A86EBE329AC8D220081B990 /* testUITests.swift */ = {isa = PBXFileReference; lastKnownFileType = sourcecode.swift; path = testUITests.swift; sourceTree = "<group>"; };
		8A86EBE529AC8D220081B990 /* testUITestsLaunchTests.swift */ = {isa = PBXFileReference; lastKnownFileType = sourcecode.swift; path = testUITestsLaunchTests.swift; sourceTree = "<group>"; };
		8A86EBF229ACA3470081B990 /* Info.plist */ = {isa = PBXFileReference; lastKnownFileType = text.plist; path = Info.plist; sourceTree = "<group>"; };
		8A86EBF329ACA3950081B990 /* ToDosView.swift */ = {isa = PBXFileReference; lastKnownFileType = sourcecode.swift; path = ToDosView.swift; sourceTree = "<group>"; };
		8A86EBF529ACA7AF0081B990 /* ProfileView.swift */ = {isa = PBXFileReference; lastKnownFileType = sourcecode.swift; path = ProfileView.swift; sourceTree = "<group>"; };
/* End PBXFileReference section */

/* Begin PBXFrameworksBuildPhase section */
		8A86EBC229AC8D210081B990 /* Frameworks */ = {
			isa = PBXFrameworksBuildPhase;
			buildActionMask = 2147483647;
			files = (
			);
			runOnlyForDeploymentPostprocessing = 0;
		};
		8A86EBD229AC8D220081B990 /* Frameworks */ = {
			isa = PBXFrameworksBuildPhase;
			buildActionMask = 2147483647;
			files = (
			);
			runOnlyForDeploymentPostprocessing = 0;
		};
		8A86EBDC29AC8D220081B990 /* Frameworks */ = {
			isa = PBXFrameworksBuildPhase;
			buildActionMask = 2147483647;
			files = (
			);
			runOnlyForDeploymentPostprocessing = 0;
		};
/* End PBXFrameworksBuildPhase section */

/* Begin PBXGroup section */
		8A86EBBC29AC8D210081B990 = {
			isa = PBXGroup;
			children = (
				8A86EBC729AC8D210081B990 /* test */,
				8A86EBD829AC8D220081B990 /* testTests */,
				8A86EBE229AC8D220081B990 /* testUITests */,
				8A86EBC629AC8D210081B990 /* Products */,
			);
			sourceTree = "<group>";
		};
		8A86EBC629AC8D210081B990 /* Products */ = {
			isa = PBXGroup;
			children = (
				8A86EBC529AC8D210081B990 /* test.app */,
				8A86EBD529AC8D220081B990 /* testTests.xctest */,
				8A86EBDF29AC8D220081B990 /* testUITests.xctest */,
			);
			name = Products;
			sourceTree = "<group>";
		};
		8A86EBC729AC8D210081B990 /* test */ = {
			isa = PBXGroup;
			children = (
				8A86EBF229ACA3470081B990 /* Info.plist */,
				8A86EBCA29AC8D210081B990 /* ContentView.swift */,
				8A86EBF329ACA3950081B990 /* ToDosView.swift */,
				8A86EBC829AC8D210081B990 /* testApp.swift */,
				8A86EBF529ACA7AF0081B990 /* ProfileView.swift */,
				8A86EBCC29AC8D220081B990 /* Assets.xcassets */,
				8A86EBCE29AC8D220081B990 /* Preview Content */,
			);
			path = test;
			sourceTree = "<group>";
		};
		8A86EBCE29AC8D220081B990 /* Preview Content */ = {
			isa = PBXGroup;
			children = (
				8A86EBCF29AC8D220081B990 /* Preview Assets.xcassets */,
			);
			path = "Preview Content";
			sourceTree = "<group>";
		};
		8A86EBD829AC8D220081B990 /* testTests */ = {
			isa = PBXGroup;
			children = (
				8A86EBD929AC8D220081B990 /* testTests.swift */,
			);
			path = testTests;
			sourceTree = "<group>";
		};
		8A86EBE229AC8D220081B990 /* testUITests */ = {
			isa = PBXGroup;
			children = (
				8A86EBE329AC8D220081B990 /* testUITests.swift */,
				8A86EBE529AC8D220081B990 /* testUITestsLaunchTests.swift */,
			);
			path = testUITests;
			sourceTree = "<group>";
		};
/* End PBXGroup section */

/* Begin PBXNativeTarget section */
		8A86EBC429AC8D210081B990 /* test */ = {
			isa = PBXNativeTarget;
			buildConfigurationList = 8A86EBE929AC8D220081B990 /* Build configuration list for PBXNativeTarget "test" */;
			buildPhases = (
				8A86EBC129AC8D210081B990 /* Sources */,
				8A86EBC229AC8D210081B990 /* Frameworks */,
				8A86EBC329AC8D210081B990 /* Resources */,
			);
			buildRules = (
			);
			dependencies = (
			);
			name = test;
			productName = test;
			productReference = 8A86EBC529AC8D210081B990 /* test.app */;
			productType = "com.apple.product-type.application";
		};
		8A86EBD429AC8D220081B990 /* testTests */ = {
			isa = PBXNativeTarget;
			buildConfigurationList = 8A86EBEC29AC8D220081B990 /* Build configuration list for PBXNativeTarget "testTests" */;
			buildPhases = (
				8A86EBD129AC8D220081B990 /* Sources */,
				8A86EBD229AC8D220081B990 /* Frameworks */,
				8A86EBD329AC8D220081B990 /* Resources */,
			);
			buildRules = (
			);
			dependencies = (
				8A86EBD729AC8D220081B990 /* PBXTargetDependency */,
			);
			name = testTests;
			productName = testTests;
			productReference = 8A86EBD529AC8D220081B990 /* testTests.xctest */;
			productType = "com.apple.product-type.bundle.unit-test";
		};
		8A86EBDE29AC8D220081B990 /* testUITests */ = {
			isa = PBXNativeTarget;
			buildConfigurationList = 8A86EBEF29AC8D220081B990 /* Build configuration list for PBXNativeTarget "testUITests" */;
			buildPhases = (
				8A86EBDB29AC8D220081B990 /* Sources */,
				8A86EBDC29AC8D220081B990 /* Frameworks */,
				8A86EBDD29AC8D220081B990 /* Resources */,
			);
			buildRules = (
			);
			dependencies = (
				8A86EBE129AC8D220081B990 /* PBXTargetDependency */,
			);
			name = testUITests;
			productName = testUITests;
			productReference = 8A86EBDF29AC8D220081B990 /* testUITests.xctest */;
			productType = "com.apple.product-type.bundle.ui-testing";
		};
/* End PBXNativeTarget section */

/* Begin PBXProject section */
		8A86EBBD29AC8D210081B990 /* Project object */ = {
			isa = PBXProject;
			attributes = {
				BuildIndependentTargetsInParallel = 1;
				LastSwiftUpdateCheck = 1420;
				LastUpgradeCheck = 1420;
				TargetAttributes = {
					8A86EBC429AC8D210081B990 = {
						CreatedOnToolsVersion = 14.2;
					};
					8A86EBD429AC8D220081B990 = {
						CreatedOnToolsVersion = 14.2;
						TestTargetID = 8A86EBC429AC8D210081B990;
					};
					8A86EBDE29AC8D220081B990 = {
						CreatedOnToolsVersion = 14.2;
						TestTargetID = 8A86EBC429AC8D210081B990;
					};
				};
			};
			buildConfigurationList = 8A86EBC029AC8D210081B990 /* Build configuration list for PBXProject "test" */;
			compatibilityVersion = "Xcode 14.0";
			developmentRegion = en;
			hasScannedForEncodings = 0;
			knownRegions = (
				en,
				Base,
			);
			mainGroup = 8A86EBBC29AC8D210081B990;
			productRefGroup = 8A86EBC629AC8D210081B990 /* Products */;
			projectDirPath = "";
			projectRoot = "";
			targets = (
				8A86EBC429AC8D210081B990 /* test */,
				8A86EBD429AC8D220081B990 /* testTests */,
				8A86EBDE29AC8D220081B990 /* testUITests */,
			);
		};
/* End PBXProject section */

/* Begin PBXResourcesBuildPhase section */
		8A86EBC329AC8D210081B990 /* Resources */ = {
			isa = PBXResourcesBuildPhase;
			buildActionMask = 2147483647;
			files = (
				8A86EBD029AC8D220081B990 /* Preview Assets.xcassets in Resources */,
				8A86EBCD29AC8D220081B990 /* Assets.xcassets in Resources */,
			);
			runOnlyForDeploymentPostprocessing = 0;
		};
		8A86EBD329AC8D220081B990 /* Resources */ = {
			isa = PBXResourcesBuildPhase;
			buildActionMask = 2147483647;
			files = (
			);
			runOnlyForDeploymentPostprocessing = 0;
		};
		8A86EBDD29AC8D220081B990 /* Resources */ = {
			isa = PBXResourcesBuildPhase;
			buildActionMask = 2147483647;
			files = (
			);
			runOnlyForDeploymentPostprocessing = 0;
		};
/* End PBXResourcesBuildPhase section */

/* Begin PBXSourcesBuildPhase section */
		8A86EBC129AC8D210081B990 /* Sources */ = {
			isa = PBXSourcesBuildPhase;
			buildActionMask = 2147483647;
			files = (
				8A86EBF629ACA7AF0081B990 /* ProfileView.swift in Sources */,
				8A86EBF429ACA3950081B990 /* ToDosView.swift in Sources */,
				8A86EBCB29AC8D210081B990 /* ContentView.swift in Sources */,
				8A86EBC929AC8D210081B990 /* testApp.swift in Sources */,
			);
			runOnlyForDeploymentPostprocessing = 0;
		};
		8A86EBD129AC8D220081B990 /* Sources */ = {
			isa = PBXSourcesBuildPhase;
			buildActionMask = 2147483647;
			files = (
				8A86EBDA29AC8D220081B990 /* testTests.swift in Sources */,
			);
			runOnlyForDeploymentPostprocessing = 0;
		};
		8A86EBDB29AC8D220081B990 /* Sources */ = {
			isa = PBXSourcesBuildPhase;
			buildActionMask = 2147483647;
			files = (
				8A86EBE629AC8D220081B990 /* testUITestsLaunchTests.swift in Sources */,
				8A86EBE429AC8D220081B990 /* testUITests.swift in Sources */,
			);
			runOnlyForDeploymentPostprocessing = 0;
		};
/* End PBXSourcesBuildPhase section */

/* Begin PBXTargetDependency section */
		8A86EBD729AC8D220081B990 /* PBXTargetDependency */ = {
			isa = PBXTargetDependency;
			target = 8A86EBC429AC8D210081B990 /* test */;
			targetProxy = 8A86EBD629AC8D220081B990 /* PBXContainerItemProxy */;
		};
		8A86EBE129AC8D220081B990 /* PBXTargetDependency */ = {
			isa = PBXTargetDependency;
			target = 8A86EBC429AC8D210081B990 /* test */;
			targetProxy = 8A86EBE029AC8D220081B990 /* PBXContainerItemProxy */;
		};
/* End PBXTargetDependency section */

/* Begin XCBuildConfiguration section */
		8A86EBE729AC8D220081B990 /* Debug */ = {
			isa = XCBuildConfiguration;
			buildSettings = {
				ALWAYS_SEARCH_USER_PATHS = NO;
				CLANG_ANALYZER_NONNULL = YES;
				CLANG_ANALYZER_NUMBER_OBJECT_CONVERSION = YES_AGGRESSIVE;
				CLANG_CXX_LANGUAGE_STANDARD = "gnu++20";
				CLANG_ENABLE_MODULES = YES;
				CLANG_ENABLE_OBJC_ARC = YES;
				CLANG_ENABLE_OBJC_WEAK = YES;
				CLANG_WARN_BLOCK_CAPTURE_AUTORELEASING = YES;
				CLANG_WARN_BOOL_CONVERSION = YES;
				CLANG_WARN_COMMA = YES;
				CLANG_WARN_CONSTANT_CONVERSION = YES;
				CLANG_WARN_DEPRECATED_OBJC_IMPLEMENTATIONS = YES;
				CLANG_WARN_DIRECT_OBJC_ISA_USAGE = YES_ERROR;
				CLANG_WARN_DOCUMENTATION_COMMENTS = YES;
				CLANG_WARN_EMPTY_BODY = YES;
				CLANG_WARN_ENUM_CONVERSION = YES;
				CLANG_WARN_INFINITE_RECURSION = YES;
				CLANG_WARN_INT_CONVERSION = YES;
				CLANG_WARN_NON_LITERAL_NULL_CONVERSION = YES;
				CLANG_WARN_OBJC_IMPLICIT_RETAIN_SELF = YES;
				CLANG_WARN_OBJC_LITERAL_CONVERSION = YES;
				CLANG_WARN_OBJC_ROOT_CLASS = YES_ERROR;
				CLANG_WARN_QUOTED_INCLUDE_IN_FRAMEWORK_HEADER = YES;
				CLANG_WARN_RANGE_LOOP_ANALYSIS = YES;
				CLANG_WARN_STRICT_PROTOTYPES = YES;
				CLANG_WARN_SUSPICIOUS_MOVE = YES;
				CLANG_WARN_UNGUARDED_AVAILABILITY = YES_AGGRESSIVE;
				CLANG_WARN_UNREACHABLE_CODE = YES;
				CLANG_WARN__DUPLICATE_METHOD_MATCH = YES;
				COPY_PHASE_STRIP = NO;
				DEBUG_INFORMATION_FORMAT = dwarf;
				ENABLE_STRICT_OBJC_MSGSEND = YES;
				ENABLE_TESTABILITY = YES;
				GCC_C_LANGUAGE_STANDARD = gnu11;
				GCC_DYNAMIC_NO_PIC = NO;
				GCC_NO_COMMON_BLOCKS = YES;
				GCC_OPTIMIZATION_LEVEL = 0;
				GCC_PREPROCESSOR_DEFINITIONS = (
					"DEBUG=1",
					"$(inherited)",
				);
				GCC_WARN_64_TO_32_BIT_CONVERSION = YES;
				GCC_WARN_ABOUT_RETURN_TYPE = YES_ERROR;
				GCC_WARN_UNDECLARED_SELECTOR = YES;
				GCC_WARN_UNINITIALIZED_AUTOS = YES_AGGRESSIVE;
				GCC_WARN_UNUSED_FUNCTION = YES;
				GCC_WARN_UNUSED_VARIABLE = YES;
				IPHONEOS_DEPLOYMENT_TARGET = 16.2;
				MTL_ENABLE_DEBUG_INFO = INCLUDE_SOURCE;
				MTL_FAST_MATH = YES;
				ONLY_ACTIVE_ARCH = YES;
				SDKROOT = iphoneos;
				SWIFT_ACTIVE_COMPILATION_CONDITIONS = DEBUG;
				SWIFT_OPTIMIZATION_LEVEL = "-Onone";
			};
			name = Debug;
		};
		8A86EBE829AC8D220081B990 /* Release */ = {
			isa = XCBuildConfiguration;
			buildSettings = {
				ALWAYS_SEARCH_USER_PATHS = NO;
				CLANG_ANALYZER_NONNULL = YES;
				CLANG_ANALYZER_NUMBER_OBJECT_CONVERSION = YES_AGGRESSIVE;
				CLANG_CXX_LANGUAGE_STANDARD = "gnu++20";
				CLANG_ENABLE_MODULES = YES;
				CLANG_ENABLE_OBJC_ARC = YES;
				CLANG_ENABLE_OBJC_WEAK = YES;
				CLANG_WARN_BLOCK_CAPTURE_AUTORELEASING = YES;
				CLANG_WARN_BOOL_CONVERSION = YES;
				CLANG_WARN_COMMA = YES;
				CLANG_WARN_CONSTANT_CONVERSION = YES;
				CLANG_WARN_DEPRECATED_OBJC_IMPLEMENTATIONS = YES;
				CLANG_WARN_DIRECT_OBJC_ISA_USAGE = YES_ERROR;
				CLANG_WARN_DOCUMENTATION_COMMENTS = YES;
				CLANG_WARN_EMPTY_BODY = YES;
				CLANG_WARN_ENUM_CONVERSION = YES;
				CLANG_WARN_INFINITE_RECURSION = YES;
				CLANG_WARN_INT_CONVERSION = YES;
				CLANG_WARN_NON_LITERAL_NULL_CONVERSION = YES;
				CLANG_WARN_OBJC_IMPLICIT_RETAIN_SELF = YES;
				CLANG_WARN_OBJC_LITERAL_CONVERSION = YES;
				CLANG_WARN_OBJC_ROOT_CLASS = YES_ERROR;
				CLANG_WARN_QUOTED_INCLUDE_IN_FRAMEWORK_HEADER = YES;
				CLANG_WARN_RANGE_LOOP_ANALYSIS = YES;
				CLANG_WARN_STRICT_PROTOTYPES = YES;
				CLANG_WARN_SUSPICIOUS_MOVE = YES;
				CLANG_WARN_UNGUARDED_AVAILABILITY = YES_AGGRESSIVE;
				CLANG_WARN_UNREACHABLE_CODE = YES;
				CLANG_WARN__DUPLICATE_METHOD_MATCH = YES;
				COPY_PHASE_STRIP = NO;
				DEBUG_INFORMATION_FORMAT = "dwarf-with-dsym";
				ENABLE_NS_ASSERTIONS = NO;
				ENABLE_STRICT_OBJC_MSGSEND = YES;
				GCC_C_LANGUAGE_STANDARD = gnu11;
				GCC_NO_COMMON_BLOCKS = YES;
				GCC_WARN_64_TO_32_BIT_CONVERSION = YES;
				GCC_WARN_ABOUT_RETURN_TYPE = YES_ERROR;
				GCC_WARN_UNDECLARED_SELECTOR = YES;
				GCC_WARN_UNINITIALIZED_AUTOS = YES_AGGRESSIVE;
				GCC_WARN_UNUSED_FUNCTION = YES;
				GCC_WARN_UNUSED_VARIABLE = YES;
				IPHONEOS_DEPLOYMENT_TARGET = 16.2;
				MTL_ENABLE_DEBUG_INFO = NO;
				MTL_FAST_MATH = YES;
				SDKROOT = iphoneos;
				SWIFT_COMPILATION_MODE = wholemodule;
				SWIFT_OPTIMIZATION_LEVEL = "-O";
				VALIDATE_PRODUCT = YES;
			};
			name = Release;
		};
		8A86EBEA29AC8D220081B990 /* Debug */ = {
			isa = XCBuildConfiguration;
			buildSettings = {
				ASSETCATALOG_COMPILER_APPICON_NAME = AppIcon;
				ASSETCATALOG_COMPILER_GLOBAL_ACCENT_COLOR_NAME = AccentColor;
				CODE_SIGN_STYLE = Automatic;
				CURRENT_PROJECT_VERSION = 1;
				DEVELOPMENT_ASSET_PATHS = "\"test/Preview Content\"";
				DEVELOPMENT_TEAM = JNYZF4BBNC;
				ENABLE_PREVIEWS = YES;
				GENERATE_INFOPLIST_FILE = YES;
				INFOPLIST_FILE = test/Info.plist;
				INFOPLIST_KEY_UIApplicationSceneManifest_Generation = YES;
				INFOPLIST_KEY_UIApplicationSupportsIndirectInputEvents = YES;
				INFOPLIST_KEY_UILaunchScreen_Generation = YES;
				INFOPLIST_KEY_UISupportedInterfaceOrientations_iPad = "UIInterfaceOrientationPortrait UIInterfaceOrientationPortraitUpsideDown UIInterfaceOrientationLandscapeLeft UIInterfaceOrientationLandscapeRight";
				INFOPLIST_KEY_UISupportedInterfaceOrientations_iPhone = "UIInterfaceOrientationPortrait UIInterfaceOrientationLandscapeLeft UIInterfaceOrientationLandscapeRight";
				LD_RUNPATH_SEARCH_PATHS = (
					"$(inherited)",
					"@executable_path/Frameworks",
				);
				MARKETING_VERSION = 1.0;
				PRODUCT_BUNDLE_IDENTIFIER = sik.test;
				PRODUCT_NAME = "$(TARGET_NAME)";
				SWIFT_EMIT_LOC_STRINGS = YES;
				SWIFT_VERSION = 5.0;
				TARGETED_DEVICE_FAMILY = "1,2";
			};
			name = Debug;
		};
		8A86EBEB29AC8D220081B990 /* Release */ = {
			isa = XCBuildConfiguration;
			buildSettings = {
				ASSETCATALOG_COMPILER_APPICON_NAME = AppIcon;
				ASSETCATALOG_COMPILER_GLOBAL_ACCENT_COLOR_NAME = AccentColor;
				CODE_SIGN_STYLE = Automatic;
				CURRENT_PROJECT_VERSION = 1;
				DEVELOPMENT_ASSET_PATHS = "\"test/Preview Content\"";
				DEVELOPMENT_TEAM = JNYZF4BBNC;
				ENABLE_PREVIEWS = YES;
				GENERATE_INFOPLIST_FILE = YES;
				INFOPLIST_FILE = test/Info.plist;
				INFOPLIST_KEY_UIApplicationSceneManifest_Generation = YES;
				INFOPLIST_KEY_UIApplicationSupportsIndirectInputEvents = YES;
				INFOPLIST_KEY_UILaunchScreen_Generation = YES;
				INFOPLIST_KEY_UISupportedInterfaceOrientations_iPad = "UIInterfaceOrientationPortrait UIInterfaceOrientationPortraitUpsideDown UIInterfaceOrientationLandscapeLeft UIInterfaceOrientationLandscapeRight";
				INFOPLIST_KEY_UISupportedInterfaceOrientations_iPhone = "UIInterfaceOrientationPortrait UIInterfaceOrientationLandscapeLeft UIInterfaceOrientationLandscapeRight";
				LD_RUNPATH_SEARCH_PATHS = (
					"$(inherited)",
					"@executable_path/Frameworks",
				);
				MARKETING_VERSION = 1.0;
				PRODUCT_BUNDLE_IDENTIFIER = sik.test;
				PRODUCT_NAME = "$(TARGET_NAME)";
				SWIFT_EMIT_LOC_STRINGS = YES;
				SWIFT_VERSION = 5.0;
				TARGETED_DEVICE_FAMILY = "1,2";
			};
			name = Release;
		};
		8A86EBED29AC8D220081B990 /* Debug */ = {
			isa = XCBuildConfiguration;
			buildSettings = {
				ALWAYS_EMBED_SWIFT_STANDARD_LIBRARIES = YES;
				BUNDLE_LOADER = "$(TEST_HOST)";
				CODE_SIGN_STYLE = Automatic;
				CURRENT_PROJECT_VERSION = 1;
				DEVELOPMENT_TEAM = JNYZF4BBNC;
				GENERATE_INFOPLIST_FILE = YES;
				IPHONEOS_DEPLOYMENT_TARGET = 16.2;
				MARKETING_VERSION = 1.0;
				PRODUCT_BUNDLE_IDENTIFIER = sik.testTests;
				PRODUCT_NAME = "$(TARGET_NAME)";
				SWIFT_EMIT_LOC_STRINGS = NO;
				SWIFT_VERSION = 5.0;
				TARGETED_DEVICE_FAMILY = "1,2";
				TEST_HOST = "$(BUILT_PRODUCTS_DIR)/test.app/$(BUNDLE_EXECUTABLE_FOLDER_PATH)/test";
			};
			name = Debug;
		};
		8A86EBEE29AC8D220081B990 /* Release */ = {
			isa = XCBuildConfiguration;
			buildSettings = {
				ALWAYS_EMBED_SWIFT_STANDARD_LIBRARIES = YES;
				BUNDLE_LOADER = "$(TEST_HOST)";
				CODE_SIGN_STYLE = Automatic;
				CURRENT_PROJECT_VERSION = 1;
				DEVELOPMENT_TEAM = JNYZF4BBNC;
				GENERATE_INFOPLIST_FILE = YES;
				IPHONEOS_DEPLOYMENT_TARGET = 16.2;
				MARKETING_VERSION = 1.0;
				PRODUCT_BUNDLE_IDENTIFIER = sik.testTests;
				PRODUCT_NAME = "$(TARGET_NAME)";
				SWIFT_EMIT_LOC_STRINGS = NO;
				SWIFT_VERSION = 5.0;
				TARGETED_DEVICE_FAMILY = "1,2";
				TEST_HOST = "$(BUILT_PRODUCTS_DIR)/test.app/$(BUNDLE_EXECUTABLE_FOLDER_PATH)/test";
			};
			name = Release;
		};
		8A86EBF029AC8D220081B990 /* Debug */ = {
			isa = XCBuildConfiguration;
			buildSettings = {
				ALWAYS_EMBED_SWIFT_STANDARD_LIBRARIES = YES;
				CODE_SIGN_STYLE = Automatic;
				CURRENT_PROJECT_VERSION = 1;
				DEVELOPMENT_TEAM = JNYZF4BBNC;
				GENERATE_INFOPLIST_FILE = YES;
				MARKETING_VERSION = 1.0;
				PRODUCT_BUNDLE_IDENTIFIER = sik.testUITests;
				PRODUCT_NAME = "$(TARGET_NAME)";
				SWIFT_EMIT_LOC_STRINGS = NO;
				SWIFT_VERSION = 5.0;
				TARGETED_DEVICE_FAMILY = "1,2";
				TEST_TARGET_NAME = test;
			};
			name = Debug;
		};
		8A86EBF129AC8D220081B990 /* Release */ = {
			isa = XCBuildConfiguration;
			buildSettings = {
				ALWAYS_EMBED_SWIFT_STANDARD_LIBRARIES = YES;
				CODE_SIGN_STYLE = Automatic;
				CURRENT_PROJECT_VERSION = 1;
				DEVELOPMENT_TEAM = JNYZF4BBNC;
				GENERATE_INFOPLIST_FILE = YES;
				MARKETING_VERSION = 1.0;
				PRODUCT_BUNDLE_IDENTIFIER = sik.testUITests;
				PRODUCT_NAME = "$(TARGET_NAME)";
				SWIFT_EMIT_LOC_STRINGS = NO;
				SWIFT_VERSION = 5.0;
				TARGETED_DEVICE_FAMILY = "1,2";
				TEST_TARGET_NAME = test;
			};
			name = Release;
		};
/* End XCBuildConfiguration section */

/* Begin XCConfigurationList section */
		8A86EBC029AC8D210081B990 /* Build configuration list for PBXProject "test" */ = {
			isa = XCConfigurationList;
			buildConfigurations = (
				8A86EBE729AC8D220081B990 /* Debug */,
				8A86EBE829AC8D220081B990 /* Release */,
			);
			defaultConfigurationIsVisible = 0;
			defaultConfigurationName = Release;
		};
		8A86EBE929AC8D220081B990 /* Build configuration list for PBXNativeTarget "test" */ = {
			isa = XCConfigurationList;
			buildConfigurations = (
				8A86EBEA29AC8D220081B990 /* Debug */,
				8A86EBEB29AC8D220081B990 /* Release */,
			);
			defaultConfigurationIsVisible = 0;
			defaultConfigurationName = Release;
		};
		8A86EBEC29AC8D220081B990 /* Build configuration list for PBXNativeTarget "testTests" */ = {
			isa = XCConfigurationList;
			buildConfigurations = (
				8A86EBED29AC8D220081B990 /* Debug */,
				8A86EBEE29AC8D220081B990 /* Release */,
			);
			defaultConfigurationIsVisible = 0;
			defaultConfigurationName = Release;
		};
		8A86EBEF29AC8D220081B990 /* Build configuration list for PBXNativeTarget "testUITests" */ = {
			isa = XCConfigurationList;
			buildConfigurations = (
				8A86EBF029AC8D220081B990 /* Debug */,
				8A86EBF129AC8D220081B990 /* Release */,
			);
			defaultConfigurationIsVisible = 0;
			defaultConfigurationName = Release;
		};
/* End XCConfigurationList section */
	};
	rootObject = 8A86EBBD29AC8D210081B990 /* Project object */;
}
