// !$*UTF8*$!
{
	archiveVersion = 1;
	classes = {
	};
	objectVersion = 56;
	objects = {

/* Begin PBXBuildFile section */
		8A9F7BE42A02046000E7F836 /* Test_WebViewApp.swift in Sources */ = {isa = PBXBuildFile; fileRef = 8A9F7BE32A02046000E7F836 /* Test_WebViewApp.swift */; };
		8A9F7BE62A02046000E7F836 /* ContentView.swift in Sources */ = {isa = PBXBuildFile; fileRef = 8A9F7BE52A02046000E7F836 /* ContentView.swift */; };
		8A9F7BE82A02046000E7F836 /* Assets.xcassets in Resources */ = {isa = PBXBuildFile; fileRef = 8A9F7BE72A02046000E7F836 /* Assets.xcassets */; };
		8A9F7BEB2A02046000E7F836 /* Preview Assets.xcassets in Resources */ = {isa = PBXBuildFile; fileRef = 8A9F7BEA2A02046000E7F836 /* Preview Assets.xcassets */; };
		8A9F7BF22A02048500E7F836 /* Shop.swift in Sources */ = {isa = PBXBuildFile; fileRef = 8A9F7BF12A02048500E7F836 /* Shop.swift */; };
		8A9F7BF42A02049B00E7F836 /* Store_WebView.swift in Sources */ = {isa = PBXBuildFile; fileRef = 8A9F7BF32A02049B00E7F836 /* Store_WebView.swift */; };
		8AB437D62A0373DC00072D1C /* radar_graph.swift in Sources */ = {isa = PBXBuildFile; fileRef = 8AB437D52A0373DC00072D1C /* radar_graph.swift */; };
		8AB437DB2A03741E00072D1C /* data.swift in Sources */ = {isa = PBXBuildFile; fileRef = 8AB437DA2A03741E00072D1C /* data.swift */; };
/* End PBXBuildFile section */

/* Begin PBXFileReference section */
		8A9F7BE02A02046000E7F836 /* Test_WebView.app */ = {isa = PBXFileReference; explicitFileType = wrapper.application; includeInIndex = 0; path = Test_WebView.app; sourceTree = BUILT_PRODUCTS_DIR; };
		8A9F7BE32A02046000E7F836 /* Test_WebViewApp.swift */ = {isa = PBXFileReference; lastKnownFileType = sourcecode.swift; path = Test_WebViewApp.swift; sourceTree = "<group>"; };
		8A9F7BE52A02046000E7F836 /* ContentView.swift */ = {isa = PBXFileReference; lastKnownFileType = sourcecode.swift; path = ContentView.swift; sourceTree = "<group>"; };
		8A9F7BE72A02046000E7F836 /* Assets.xcassets */ = {isa = PBXFileReference; lastKnownFileType = folder.assetcatalog; path = Assets.xcassets; sourceTree = "<group>"; };
		8A9F7BEA2A02046000E7F836 /* Preview Assets.xcassets */ = {isa = PBXFileReference; lastKnownFileType = folder.assetcatalog; path = "Preview Assets.xcassets"; sourceTree = "<group>"; };
		8A9F7BF12A02048500E7F836 /* Shop.swift */ = {isa = PBXFileReference; lastKnownFileType = sourcecode.swift; path = Shop.swift; sourceTree = "<group>"; };
		8A9F7BF32A02049B00E7F836 /* Store_WebView.swift */ = {isa = PBXFileReference; lastKnownFileType = sourcecode.swift; path = Store_WebView.swift; sourceTree = "<group>"; };
		8AB437D52A0373DC00072D1C /* radar_graph.swift */ = {isa = PBXFileReference; lastKnownFileType = sourcecode.swift; path = radar_graph.swift; sourceTree = "<group>"; };
		8AB437DA2A03741E00072D1C /* data.swift */ = {isa = PBXFileReference; lastKnownFileType = sourcecode.swift; path = data.swift; sourceTree = "<group>"; };
/* End PBXFileReference section */

/* Begin PBXFrameworksBuildPhase section */
		8A9F7BDD2A02046000E7F836 /* Frameworks */ = {
			isa = PBXFrameworksBuildPhase;
			buildActionMask = 2147483647;
			files = (
			);
			runOnlyForDeploymentPostprocessing = 0;
		};
/* End PBXFrameworksBuildPhase section */

/* Begin PBXGroup section */
		8A9F7BD72A02046000E7F836 = {
			isa = PBXGroup;
			children = (
				8A9F7BE22A02046000E7F836 /* Test_WebView */,
				8A9F7BE12A02046000E7F836 /* Products */,
			);
			sourceTree = "<group>";
		};
		8A9F7BE12A02046000E7F836 /* Products */ = {
			isa = PBXGroup;
			children = (
				8A9F7BE02A02046000E7F836 /* Test_WebView.app */,
			);
			name = Products;
			sourceTree = "<group>";
		};
		8A9F7BE22A02046000E7F836 /* Test_WebView */ = {
			isa = PBXGroup;
			children = (
				8A9F7BE32A02046000E7F836 /* Test_WebViewApp.swift */,
				8A9F7BE52A02046000E7F836 /* ContentView.swift */,
				8A9F7BE72A02046000E7F836 /* Assets.xcassets */,
				8A9F7BE92A02046000E7F836 /* Preview Content */,
				8A9F7BF12A02048500E7F836 /* Shop.swift */,
				8A9F7BF32A02049B00E7F836 /* Store_WebView.swift */,
				8AB437D52A0373DC00072D1C /* radar_graph.swift */,
				8AB437DA2A03741E00072D1C /* data.swift */,
			);
			path = Test_WebView;
			sourceTree = "<group>";
		};
		8A9F7BE92A02046000E7F836 /* Preview Content */ = {
			isa = PBXGroup;
			children = (
				8A9F7BEA2A02046000E7F836 /* Preview Assets.xcassets */,
			);
			path = "Preview Content";
			sourceTree = "<group>";
		};
/* End PBXGroup section */

/* Begin PBXNativeTarget section */
		8A9F7BDF2A02046000E7F836 /* Test_WebView */ = {
			isa = PBXNativeTarget;
			buildConfigurationList = 8A9F7BEE2A02046000E7F836 /* Build configuration list for PBXNativeTarget "Test_WebView" */;
			buildPhases = (
				8A9F7BDC2A02046000E7F836 /* Sources */,
				8A9F7BDD2A02046000E7F836 /* Frameworks */,
				8A9F7BDE2A02046000E7F836 /* Resources */,
			);
			buildRules = (
			);
			dependencies = (
			);
			name = Test_WebView;
			packageProductDependencies = (
			);
			productName = Test_WebView;
			productReference = 8A9F7BE02A02046000E7F836 /* Test_WebView.app */;
			productType = "com.apple.product-type.application";
		};
/* End PBXNativeTarget section */

/* Begin PBXProject section */
		8A9F7BD82A02046000E7F836 /* Project object */ = {
			isa = PBXProject;
			attributes = {
				BuildIndependentTargetsInParallel = 1;
				LastSwiftUpdateCheck = 1430;
				LastUpgradeCheck = 1430;
				TargetAttributes = {
					8A9F7BDF2A02046000E7F836 = {
						CreatedOnToolsVersion = 14.3;
					};
				};
			};
			buildConfigurationList = 8A9F7BDB2A02046000E7F836 /* Build configuration list for PBXProject "Test_WebView" */;
			compatibilityVersion = "Xcode 14.0";
			developmentRegion = en;
			hasScannedForEncodings = 0;
			knownRegions = (
				en,
				Base,
			);
			mainGroup = 8A9F7BD72A02046000E7F836;
			packageReferences = (
				8AB437D72A0373EF00072D1C /* XCRemoteSwiftPackageReference "Charts" */,
			);
			productRefGroup = 8A9F7BE12A02046000E7F836 /* Products */;
			projectDirPath = "";
			projectRoot = "";
			targets = (
				8A9F7BDF2A02046000E7F836 /* Test_WebView */,
			);
		};
/* End PBXProject section */

/* Begin PBXResourcesBuildPhase section */
		8A9F7BDE2A02046000E7F836 /* Resources */ = {
			isa = PBXResourcesBuildPhase;
			buildActionMask = 2147483647;
			files = (
				8A9F7BEB2A02046000E7F836 /* Preview Assets.xcassets in Resources */,
				8A9F7BE82A02046000E7F836 /* Assets.xcassets in Resources */,
			);
			runOnlyForDeploymentPostprocessing = 0;
		};
/* End PBXResourcesBuildPhase section */

/* Begin PBXSourcesBuildPhase section */
		8A9F7BDC2A02046000E7F836 /* Sources */ = {
			isa = PBXSourcesBuildPhase;
			buildActionMask = 2147483647;
			files = (
				8A9F7BF22A02048500E7F836 /* Shop.swift in Sources */,
				8AB437DB2A03741E00072D1C /* data.swift in Sources */,
				8A9F7BE62A02046000E7F836 /* ContentView.swift in Sources */,
				8A9F7BE42A02046000E7F836 /* Test_WebViewApp.swift in Sources */,
				8AB437D62A0373DC00072D1C /* radar_graph.swift in Sources */,
				8A9F7BF42A02049B00E7F836 /* Store_WebView.swift in Sources */,
			);
			runOnlyForDeploymentPostprocessing = 0;
		};
/* End PBXSourcesBuildPhase section */

/* Begin XCBuildConfiguration section */
		8A9F7BEC2A02046000E7F836 /* Debug */ = {
			isa = XCBuildConfiguration;
			buildSettings = {
				ALWAYS_SEARCH_USER_PATHS = NO;
				CLANG_ANALYZER_NONNULL = YES;
				CLANG_ANALYZER_NUMBER_OBJECT_CONVERSION = YES_AGGRESSIVE;
				CLANG_CXX_LANGUAGE_STANDARD = "gnu++20";
				CLANG_ENABLE_MODULES = YES;
				CLANG_ENABLE_OBJC_ARC = YES;
				CLANG_ENABLE_OBJC_WEAK = YES;
				CLANG_WARN_BLOCK_CAPTURE_AUTORELEASING = YES;
				CLANG_WARN_BOOL_CONVERSION = YES;
				CLANG_WARN_COMMA = YES;
				CLANG_WARN_CONSTANT_CONVERSION = YES;
				CLANG_WARN_DEPRECATED_OBJC_IMPLEMENTATIONS = YES;
				CLANG_WARN_DIRECT_OBJC_ISA_USAGE = YES_ERROR;
				CLANG_WARN_DOCUMENTATION_COMMENTS = YES;
				CLANG_WARN_EMPTY_BODY = YES;
				CLANG_WARN_ENUM_CONVERSION = YES;
				CLANG_WARN_INFINITE_RECURSION = YES;
				CLANG_WARN_INT_CONVERSION = YES;
				CLANG_WARN_NON_LITERAL_NULL_CONVERSION = YES;
				CLANG_WARN_OBJC_IMPLICIT_RETAIN_SELF = YES;
				CLANG_WARN_OBJC_LITERAL_CONVERSION = YES;
				CLANG_WARN_OBJC_ROOT_CLASS = YES_ERROR;
				CLANG_WARN_QUOTED_INCLUDE_IN_FRAMEWORK_HEADER = YES;
				CLANG_WARN_RANGE_LOOP_ANALYSIS = YES;
				CLANG_WARN_STRICT_PROTOTYPES = YES;
				CLANG_WARN_SUSPICIOUS_MOVE = YES;
				CLANG_WARN_UNGUARDED_AVAILABILITY = YES_AGGRESSIVE;
				CLANG_WARN_UNREACHABLE_CODE = YES;
				CLANG_WARN__DUPLICATE_METHOD_MATCH = YES;
				COPY_PHASE_STRIP = NO;
				DEBUG_INFORMATION_FORMAT = dwarf;
				ENABLE_STRICT_OBJC_MSGSEND = YES;
				ENABLE_TESTABILITY = YES;
				GCC_C_LANGUAGE_STANDARD = gnu11;
				GCC_DYNAMIC_NO_PIC = NO;
				GCC_NO_COMMON_BLOCKS = YES;
				GCC_OPTIMIZATION_LEVEL = 0;
				GCC_PREPROCESSOR_DEFINITIONS = (
					"DEBUG=1",
					"$(inherited)",
				);
				GCC_WARN_64_TO_32_BIT_CONVERSION = YES;
				GCC_WARN_ABOUT_RETURN_TYPE = YES_ERROR;
				GCC_WARN_UNDECLARED_SELECTOR = YES;
				GCC_WARN_UNINITIALIZED_AUTOS = YES_AGGRESSIVE;
				GCC_WARN_UNUSED_FUNCTION = YES;
				GCC_WARN_UNUSED_VARIABLE = YES;
				IPHONEOS_DEPLOYMENT_TARGET = 16.4;
				MTL_ENABLE_DEBUG_INFO = INCLUDE_SOURCE;
				MTL_FAST_MATH = YES;
				ONLY_ACTIVE_ARCH = YES;
				SDKROOT = iphoneos;
				SWIFT_ACTIVE_COMPILATION_CONDITIONS = DEBUG;
				SWIFT_OPTIMIZATION_LEVEL = "-Onone";
			};
			name = Debug;
		};
		8A9F7BED2A02046000E7F836 /* Release */ = {
			isa = XCBuildConfiguration;
			buildSettings = {
				ALWAYS_SEARCH_USER_PATHS = NO;
				CLANG_ANALYZER_NONNULL = YES;
				CLANG_ANALYZER_NUMBER_OBJECT_CONVERSION = YES_AGGRESSIVE;
				CLANG_CXX_LANGUAGE_STANDARD = "gnu++20";
				CLANG_ENABLE_MODULES = YES;
				CLANG_ENABLE_OBJC_ARC = YES;
				CLANG_ENABLE_OBJC_WEAK = YES;
				CLANG_WARN_BLOCK_CAPTURE_AUTORELEASING = YES;
				CLANG_WARN_BOOL_CONVERSION = YES;
				CLANG_WARN_COMMA = YES;
				CLANG_WARN_CONSTANT_CONVERSION = YES;
				CLANG_WARN_DEPRECATED_OBJC_IMPLEMENTATIONS = YES;
				CLANG_WARN_DIRECT_OBJC_ISA_USAGE = YES_ERROR;
				CLANG_WARN_DOCUMENTATION_COMMENTS = YES;
				CLANG_WARN_EMPTY_BODY = YES;
				CLANG_WARN_ENUM_CONVERSION = YES;
				CLANG_WARN_INFINITE_RECURSION = YES;
				CLANG_WARN_INT_CONVERSION = YES;
				CLANG_WARN_NON_LITERAL_NULL_CONVERSION = YES;
				CLANG_WARN_OBJC_IMPLICIT_RETAIN_SELF = YES;
				CLANG_WARN_OBJC_LITERAL_CONVERSION = YES;
				CLANG_WARN_OBJC_ROOT_CLASS = YES_ERROR;
				CLANG_WARN_QUOTED_INCLUDE_IN_FRAMEWORK_HEADER = YES;
				CLANG_WARN_RANGE_LOOP_ANALYSIS = YES;
				CLANG_WARN_STRICT_PROTOTYPES = YES;
				CLANG_WARN_SUSPICIOUS_MOVE = YES;
				CLANG_WARN_UNGUARDED_AVAILABILITY = YES_AGGRESSIVE;
				CLANG_WARN_UNREACHABLE_CODE = YES;
				CLANG_WARN__DUPLICATE_METHOD_MATCH = YES;
				COPY_PHASE_STRIP = NO;
				DEBUG_INFORMATION_FORMAT = "dwarf-with-dsym";
				ENABLE_NS_ASSERTIONS = NO;
				ENABLE_STRICT_OBJC_MSGSEND = YES;
				GCC_C_LANGUAGE_STANDARD = gnu11;
				GCC_NO_COMMON_BLOCKS = YES;
				GCC_WARN_64_TO_32_BIT_CONVERSION = YES;
				GCC_WARN_ABOUT_RETURN_TYPE = YES_ERROR;
				GCC_WARN_UNDECLARED_SELECTOR = YES;
				GCC_WARN_UNINITIALIZED_AUTOS = YES_AGGRESSIVE;
				GCC_WARN_UNUSED_FUNCTION = YES;
				GCC_WARN_UNUSED_VARIABLE = YES;
				IPHONEOS_DEPLOYMENT_TARGET = 16.4;
				MTL_ENABLE_DEBUG_INFO = NO;
				MTL_FAST_MATH = YES;
				SDKROOT = iphoneos;
				SWIFT_COMPILATION_MODE = wholemodule;
				SWIFT_OPTIMIZATION_LEVEL = "-O";
				VALIDATE_PRODUCT = YES;
			};
			name = Release;
		};
		8A9F7BEF2A02046000E7F836 /* Debug */ = {
			isa = XCBuildConfiguration;
			buildSettings = {
				ASSETCATALOG_COMPILER_APPICON_NAME = AppIcon;
				ASSETCATALOG_COMPILER_GLOBAL_ACCENT_COLOR_NAME = AccentColor;
				CODE_SIGN_STYLE = Automatic;
				CURRENT_PROJECT_VERSION = 1;
				DEVELOPMENT_ASSET_PATHS = "\"Test_WebView/Preview Content\"";
				DEVELOPMENT_TEAM = JNYZF4BBNC;
				ENABLE_PREVIEWS = YES;
				GENERATE_INFOPLIST_FILE = YES;
				INFOPLIST_KEY_UIApplicationSceneManifest_Generation = YES;
				INFOPLIST_KEY_UIApplicationSupportsIndirectInputEvents = YES;
				INFOPLIST_KEY_UILaunchScreen_Generation = YES;
				INFOPLIST_KEY_UISupportedInterfaceOrientations_iPad = "UIInterfaceOrientationPortrait UIInterfaceOrientationPortraitUpsideDown UIInterfaceOrientationLandscapeLeft UIInterfaceOrientationLandscapeRight";
				INFOPLIST_KEY_UISupportedInterfaceOrientations_iPhone = "UIInterfaceOrientationPortrait UIInterfaceOrientationLandscapeLeft UIInterfaceOrientationLandscapeRight";
				LD_RUNPATH_SEARCH_PATHS = (
					"$(inherited)",
					"@executable_path/Frameworks",
				);
				MARKETING_VERSION = 1.0;
				PRODUCT_BUNDLE_IDENTIFIER = "sik.Test-WebView";
				PRODUCT_NAME = "$(TARGET_NAME)";
				SWIFT_EMIT_LOC_STRINGS = YES;
				SWIFT_VERSION = 5.0;
				TARGETED_DEVICE_FAMILY = "1,2";
			};
			name = Debug;
		};
		8A9F7BF02A02046000E7F836 /* Release */ = {
			isa = XCBuildConfiguration;
			buildSettings = {
				ASSETCATALOG_COMPILER_APPICON_NAME = AppIcon;
				ASSETCATALOG_COMPILER_GLOBAL_ACCENT_COLOR_NAME = AccentColor;
				CODE_SIGN_STYLE = Automatic;
				CURRENT_PROJECT_VERSION = 1;
				DEVELOPMENT_ASSET_PATHS = "\"Test_WebView/Preview Content\"";
				DEVELOPMENT_TEAM = JNYZF4BBNC;
				ENABLE_PREVIEWS = YES;
				GENERATE_INFOPLIST_FILE = YES;
				INFOPLIST_KEY_UIApplicationSceneManifest_Generation = YES;
				INFOPLIST_KEY_UIApplicationSupportsIndirectInputEvents = YES;
				INFOPLIST_KEY_UILaunchScreen_Generation = YES;
				INFOPLIST_KEY_UISupportedInterfaceOrientations_iPad = "UIInterfaceOrientationPortrait UIInterfaceOrientationPortraitUpsideDown UIInterfaceOrientationLandscapeLeft UIInterfaceOrientationLandscapeRight";
				INFOPLIST_KEY_UISupportedInterfaceOrientations_iPhone = "UIInterfaceOrientationPortrait UIInterfaceOrientationLandscapeLeft UIInterfaceOrientationLandscapeRight";
				LD_RUNPATH_SEARCH_PATHS = (
					"$(inherited)",
					"@executable_path/Frameworks",
				);
				MARKETING_VERSION = 1.0;
				PRODUCT_BUNDLE_IDENTIFIER = "sik.Test-WebView";
				PRODUCT_NAME = "$(TARGET_NAME)";
				SWIFT_EMIT_LOC_STRINGS = YES;
				SWIFT_VERSION = 5.0;
				TARGETED_DEVICE_FAMILY = "1,2";
			};
			name = Release;
		};
/* End XCBuildConfiguration section */

/* Begin XCConfigurationList section */
		8A9F7BDB2A02046000E7F836 /* Build configuration list for PBXProject "Test_WebView" */ = {
			isa = XCConfigurationList;
			buildConfigurations = (
				8A9F7BEC2A02046000E7F836 /* Debug */,
				8A9F7BED2A02046000E7F836 /* Release */,
			);
			defaultConfigurationIsVisible = 0;
			defaultConfigurationName = Release;
		};
		8A9F7BEE2A02046000E7F836 /* Build configuration list for PBXNativeTarget "Test_WebView" */ = {
			isa = XCConfigurationList;
			buildConfigurations = (
				8A9F7BEF2A02046000E7F836 /* Debug */,
				8A9F7BF02A02046000E7F836 /* Release */,
			);
			defaultConfigurationIsVisible = 0;
			defaultConfigurationName = Release;
		};
/* End XCConfigurationList section */

/* Begin XCRemoteSwiftPackageReference section */
		8AB437D72A0373EF00072D1C /* XCRemoteSwiftPackageReference "Charts" */ = {
			isa = XCRemoteSwiftPackageReference;
			repositoryURL = "https://github.com/danielgindi/Charts";
			requirement = {
				kind = upToNextMajorVersion;
				minimumVersion = 3.0.0;
			};
		};
/* End XCRemoteSwiftPackageReference section */
	};
	rootObject = 8A9F7BD82A02046000E7F836 /* Project object */;
}
