{
  "originHash" : "4851566cafb9b26ccef17faeb59505d6fe9a8e0d963d54656843fca98e4ee622",
  "pins" : [
    {
      "identity" : "kakaomapssdk-spm",
      "kind" : "remoteSourceControl",
      "location" : "https://github.com/kakao-mapsSDK/KakaoMapsSDK-SPM",
      "state" : {
        "revision" : "ddeadbe5166909370b7518366ad5ebd517452be6",
        "version" : "2.12.0"
      }
    },
    {
      "identity" : "sidemenu",
      "kind" : "remoteSourceControl",
      "location" : "https://github.com/jonkykong/SideMenu.git",
      "state" : {
        "revision" : "8bd4fd128923cf5494fa726839af8afe12908ad9",
        "version" : "6.5.0"
      }
    }
  ],
  "version" : 3
}
