// !$*UTF8*$!
{
	archiveVersion = 1;
	classes = {
	};
	objectVersion = 56;
	objects = {

/* Begin PBXBuildFile section */
		8A0C3BB129B2EC000013D79D /* Redux_testApp.swift in Sources */ = {isa = PBXBuildFile; fileRef = 8A0C3BB029B2EC000013D79D /* Redux_testApp.swift */; };
		8A0C3BB329B2EC000013D79D /* ContentView.swift in Sources */ = {isa = PBXBuildFile; fileRef = 8A0C3BB229B2EC000013D79D /* ContentView.swift */; };
		8A0C3BB529B2EC010013D79D /* Assets.xcassets in Resources */ = {isa = PBXBuildFile; fileRef = 8A0C3BB429B2EC010013D79D /* Assets.xcassets */; };
		8A0C3BB829B2EC010013D79D /* Preview Assets.xcassets in Resources */ = {isa = PBXBuildFile; fileRef = 8A0C3BB729B2EC010013D79D /* Preview Assets.xcassets */; };
		8A0C3BBF29B2EFA10013D79D /* DiceView.swift in Sources */ = {isa = PBXBuildFile; fileRef = 8A0C3BBE29B2EFA10013D79D /* DiceView.swift */; };
		8A0C3BC329B2F1060013D79D /* AppState.swift in Sources */ = {isa = PBXBuildFile; fileRef = 8A0C3BC229B2F1060013D79D /* AppState.swift */; };
		8A0C3BC529B2F13C0013D79D /* AppAction.swift in Sources */ = {isa = PBXBuildFile; fileRef = 8A0C3BC429B2F13C0013D79D /* AppAction.swift */; };
		8A0C3BC729B2F19E0013D79D /* Reducer.swift in Sources */ = {isa = PBXBuildFile; fileRef = 8A0C3BC629B2F19E0013D79D /* Reducer.swift */; };
		8A0C3BC929B2F2E70013D79D /* AppStore.swift in Sources */ = {isa = PBXBuildFile; fileRef = 8A0C3BC829B2F2E70013D79D /* AppStore.swift */; };
/* End PBXBuildFile section */

/* Begin PBXFileReference section */
		8A0C3BAD29B2EC000013D79D /* Redux_test.app */ = {isa = PBXFileReference; explicitFileType = wrapper.application; includeInIndex = 0; path = Redux_test.app; sourceTree = BUILT_PRODUCTS_DIR; };
		8A0C3BB029B2EC000013D79D /* Redux_testApp.swift */ = {isa = PBXFileReference; lastKnownFileType = sourcecode.swift; path = Redux_testApp.swift; sourceTree = "<group>"; };
		8A0C3BB229B2EC000013D79D /* ContentView.swift */ = {isa = PBXFileReference; lastKnownFileType = sourcecode.swift; path = ContentView.swift; sourceTree = "<group>"; };
		8A0C3BB429B2EC010013D79D /* Assets.xcassets */ = {isa = PBXFileReference; lastKnownFileType = folder.assetcatalog; path = Assets.xcassets; sourceTree = "<group>"; };
		8A0C3BB729B2EC010013D79D /* Preview Assets.xcassets */ = {isa = PBXFileReference; lastKnownFileType = folder.assetcatalog; path = "Preview Assets.xcassets"; sourceTree = "<group>"; };
		8A0C3BBE29B2EFA10013D79D /* DiceView.swift */ = {isa = PBXFileReference; lastKnownFileType = sourcecode.swift; path = DiceView.swift; sourceTree = "<group>"; };
		8A0C3BC229B2F1060013D79D /* AppState.swift */ = {isa = PBXFileReference; lastKnownFileType = sourcecode.swift; path = AppState.swift; sourceTree = "<group>"; };
		8A0C3BC429B2F13C0013D79D /* AppAction.swift */ = {isa = PBXFileReference; lastKnownFileType = sourcecode.swift; path = AppAction.swift; sourceTree = "<group>"; };
		8A0C3BC629B2F19E0013D79D /* Reducer.swift */ = {isa = PBXFileReference; lastKnownFileType = sourcecode.swift; path = Reducer.swift; sourceTree = "<group>"; };
		8A0C3BC829B2F2E70013D79D /* AppStore.swift */ = {isa = PBXFileReference; lastKnownFileType = sourcecode.swift; path = AppStore.swift; sourceTree = "<group>"; };
/* End PBXFileReference section */

/* Begin PBXFrameworksBuildPhase section */
		8A0C3BAA29B2EC000013D79D /* Frameworks */ = {
			isa = PBXFrameworksBuildPhase;
			buildActionMask = 2147483647;
			files = (
			);
			runOnlyForDeploymentPostprocessing = 0;
		};
/* End PBXFrameworksBuildPhase section */

/* Begin PBXGroup section */
		8A0C3BA429B2EC000013D79D = {
			isa = PBXGroup;
			children = (
				8A0C3BAF29B2EC000013D79D /* Redux_test */,
				8A0C3BAE29B2EC000013D79D /* Products */,
			);
			sourceTree = "<group>";
		};
		8A0C3BAE29B2EC000013D79D /* Products */ = {
			isa = PBXGroup;
			children = (
				8A0C3BAD29B2EC000013D79D /* Redux_test.app */,
			);
			name = Products;
			sourceTree = "<group>";
		};
		8A0C3BAF29B2EC000013D79D /* Redux_test */ = {
			isa = PBXGroup;
			children = (
				8A0C3BB029B2EC000013D79D /* Redux_testApp.swift */,
				8A0C3BC229B2F1060013D79D /* AppState.swift */,
				8A0C3BC429B2F13C0013D79D /* AppAction.swift */,
				8A0C3BC629B2F19E0013D79D /* Reducer.swift */,
				8A0C3BC829B2F2E70013D79D /* AppStore.swift */,
				8A0C3BB229B2EC000013D79D /* ContentView.swift */,
				8A0C3BBE29B2EFA10013D79D /* DiceView.swift */,
				8A0C3BB429B2EC010013D79D /* Assets.xcassets */,
				8A0C3BB629B2EC010013D79D /* Preview Content */,
			);
			path = Redux_test;
			sourceTree = "<group>";
		};
		8A0C3BB629B2EC010013D79D /* Preview Content */ = {
			isa = PBXGroup;
			children = (
				8A0C3BB729B2EC010013D79D /* Preview Assets.xcassets */,
			);
			path = "Preview Content";
			sourceTree = "<group>";
		};
/* End PBXGroup section */

/* Begin PBXNativeTarget section */
		8A0C3BAC29B2EC000013D79D /* Redux_test */ = {
			isa = PBXNativeTarget;
			buildConfigurationList = 8A0C3BBB29B2EC010013D79D /* Build configuration list for PBXNativeTarget "Redux_test" */;
			buildPhases = (
				8A0C3BA929B2EC000013D79D /* Sources */,
				8A0C3BAA29B2EC000013D79D /* Frameworks */,
				8A0C3BAB29B2EC000013D79D /* Resources */,
			);
			buildRules = (
			);
			dependencies = (
			);
			name = Redux_test;
			productName = Redux_test;
			productReference = 8A0C3BAD29B2EC000013D79D /* Redux_test.app */;
			productType = "com.apple.product-type.application";
		};
/* End PBXNativeTarget section */

/* Begin PBXProject section */
		8A0C3BA529B2EC000013D79D /* Project object */ = {
			isa = PBXProject;
			attributes = {
				BuildIndependentTargetsInParallel = 1;
				LastSwiftUpdateCheck = 1420;
				LastUpgradeCheck = 1420;
				TargetAttributes = {
					8A0C3BAC29B2EC000013D79D = {
						CreatedOnToolsVersion = 14.2;
					};
				};
			};
			buildConfigurationList = 8A0C3BA829B2EC000013D79D /* Build configuration list for PBXProject "Redux_test" */;
			compatibilityVersion = "Xcode 14.0";
			developmentRegion = en;
			hasScannedForEncodings = 0;
			knownRegions = (
				en,
				Base,
			);
			mainGroup = 8A0C3BA429B2EC000013D79D;
			productRefGroup = 8A0C3BAE29B2EC000013D79D /* Products */;
			projectDirPath = "";
			projectRoot = "";
			targets = (
				8A0C3BAC29B2EC000013D79D /* Redux_test */,
			);
		};
/* End PBXProject section */

/* Begin PBXResourcesBuildPhase section */
		8A0C3BAB29B2EC000013D79D /* Resources */ = {
			isa = PBXResourcesBuildPhase;
			buildActionMask = 2147483647;
			files = (
				8A0C3BB829B2EC010013D79D /* Preview Assets.xcassets in Resources */,
				8A0C3BB529B2EC010013D79D /* Assets.xcassets in Resources */,
			);
			runOnlyForDeploymentPostprocessing = 0;
		};
/* End PBXResourcesBuildPhase section */

/* Begin PBXSourcesBuildPhase section */
		8A0C3BA929B2EC000013D79D /* Sources */ = {
			isa = PBXSourcesBuildPhase;
			buildActionMask = 2147483647;
			files = (
				8A0C3BB329B2EC000013D79D /* ContentView.swift in Sources */,
				8A0C3BBF29B2EFA10013D79D /* DiceView.swift in Sources */,
				8A0C3BC729B2F19E0013D79D /* Reducer.swift in Sources */,
				8A0C3BC529B2F13C0013D79D /* AppAction.swift in Sources */,
				8A0C3BB129B2EC000013D79D /* Redux_testApp.swift in Sources */,
				8A0C3BC929B2F2E70013D79D /* AppStore.swift in Sources */,
				8A0C3BC329B2F1060013D79D /* AppState.swift in Sources */,
			);
			runOnlyForDeploymentPostprocessing = 0;
		};
/* End PBXSourcesBuildPhase section */

/* Begin XCBuildConfiguration section */
		8A0C3BB929B2EC010013D79D /* Debug */ = {
			isa = XCBuildConfiguration;
			buildSettings = {
				ALWAYS_SEARCH_USER_PATHS = NO;
				CLANG_ANALYZER_NONNULL = YES;
				CLANG_ANALYZER_NUMBER_OBJECT_CONVERSION = YES_AGGRESSIVE;
				CLANG_CXX_LANGUAGE_STANDARD = "gnu++20";
				CLANG_ENABLE_MODULES = YES;
				CLANG_ENABLE_OBJC_ARC = YES;
				CLANG_ENABLE_OBJC_WEAK = YES;
				CLANG_WARN_BLOCK_CAPTURE_AUTORELEASING = YES;
				CLANG_WARN_BOOL_CONVERSION = YES;
				CLANG_WARN_COMMA = YES;
				CLANG_WARN_CONSTANT_CONVERSION = YES;
				CLANG_WARN_DEPRECATED_OBJC_IMPLEMENTATIONS = YES;
				CLANG_WARN_DIRECT_OBJC_ISA_USAGE = YES_ERROR;
				CLANG_WARN_DOCUMENTATION_COMMENTS = YES;
				CLANG_WARN_EMPTY_BODY = YES;
				CLANG_WARN_ENUM_CONVERSION = YES;
				CLANG_WARN_INFINITE_RECURSION = YES;
				CLANG_WARN_INT_CONVERSION = YES;
				CLANG_WARN_NON_LITERAL_NULL_CONVERSION = YES;
				CLANG_WARN_OBJC_IMPLICIT_RETAIN_SELF = YES;
				CLANG_WARN_OBJC_LITERAL_CONVERSION = YES;
				CLANG_WARN_OBJC_ROOT_CLASS = YES_ERROR;
				CLANG_WARN_QUOTED_INCLUDE_IN_FRAMEWORK_HEADER = YES;
				CLANG_WARN_RANGE_LOOP_ANALYSIS = YES;
				CLANG_WARN_STRICT_PROTOTYPES = YES;
				CLANG_WARN_SUSPICIOUS_MOVE = YES;
				CLANG_WARN_UNGUARDED_AVAILABILITY = YES_AGGRESSIVE;
				CLANG_WARN_UNREACHABLE_CODE = YES;
				CLANG_WARN__DUPLICATE_METHOD_MATCH = YES;
				COPY_PHASE_STRIP = NO;
				DEBUG_INFORMATION_FORMAT = dwarf;
				ENABLE_STRICT_OBJC_MSGSEND = YES;
				ENABLE_TESTABILITY = YES;
				GCC_C_LANGUAGE_STANDARD = gnu11;
				GCC_DYNAMIC_NO_PIC = NO;
				GCC_NO_COMMON_BLOCKS = YES;
				GCC_OPTIMIZATION_LEVEL = 0;
				GCC_PREPROCESSOR_DEFINITIONS = (
					"DEBUG=1",
					"$(inherited)",
				);
				GCC_WARN_64_TO_32_BIT_CONVERSION = YES;
				GCC_WARN_ABOUT_RETURN_TYPE = YES_ERROR;
				GCC_WARN_UNDECLARED_SELECTOR = YES;
				GCC_WARN_UNINITIALIZED_AUTOS = YES_AGGRESSIVE;
				GCC_WARN_UNUSED_FUNCTION = YES;
				GCC_WARN_UNUSED_VARIABLE = YES;
				IPHONEOS_DEPLOYMENT_TARGET = 16.2;
				MTL_ENABLE_DEBUG_INFO = INCLUDE_SOURCE;
				MTL_FAST_MATH = YES;
				ONLY_ACTIVE_ARCH = YES;
				SDKROOT = iphoneos;
				SWIFT_ACTIVE_COMPILATION_CONDITIONS = DEBUG;
				SWIFT_OPTIMIZATION_LEVEL = "-Onone";
			};
			name = Debug;
		};
		8A0C3BBA29B2EC010013D79D /* Release */ = {
			isa = XCBuildConfiguration;
			buildSettings = {
				ALWAYS_SEARCH_USER_PATHS = NO;
				CLANG_ANALYZER_NONNULL = YES;
				CLANG_ANALYZER_NUMBER_OBJECT_CONVERSION = YES_AGGRESSIVE;
				CLANG_CXX_LANGUAGE_STANDARD = "gnu++20";
				CLANG_ENABLE_MODULES = YES;
				CLANG_ENABLE_OBJC_ARC = YES;
				CLANG_ENABLE_OBJC_WEAK = YES;
				CLANG_WARN_BLOCK_CAPTURE_AUTORELEASING = YES;
				CLANG_WARN_BOOL_CONVERSION = YES;
				CLANG_WARN_COMMA = YES;
				CLANG_WARN_CONSTANT_CONVERSION = YES;
				CLANG_WARN_DEPRECATED_OBJC_IMPLEMENTATIONS = YES;
				CLANG_WARN_DIRECT_OBJC_ISA_USAGE = YES_ERROR;
				CLANG_WARN_DOCUMENTATION_COMMENTS = YES;
				CLANG_WARN_EMPTY_BODY = YES;
				CLANG_WARN_ENUM_CONVERSION = YES;
				CLANG_WARN_INFINITE_RECURSION = YES;
				CLANG_WARN_INT_CONVERSION = YES;
				CLANG_WARN_NON_LITERAL_NULL_CONVERSION = YES;
				CLANG_WARN_OBJC_IMPLICIT_RETAIN_SELF = YES;
				CLANG_WARN_OBJC_LITERAL_CONVERSION = YES;
				CLANG_WARN_OBJC_ROOT_CLASS = YES_ERROR;
				CLANG_WARN_QUOTED_INCLUDE_IN_FRAMEWORK_HEADER = YES;
				CLANG_WARN_RANGE_LOOP_ANALYSIS = YES;
				CLANG_WARN_STRICT_PROTOTYPES = YES;
				CLANG_WARN_SUSPICIOUS_MOVE = YES;
				CLANG_WARN_UNGUARDED_AVAILABILITY = YES_AGGRESSIVE;
				CLANG_WARN_UNREACHABLE_CODE = YES;
				CLANG_WARN__DUPLICATE_METHOD_MATCH = YES;
				COPY_PHASE_STRIP = NO;
				DEBUG_INFORMATION_FORMAT = "dwarf-with-dsym";
				ENABLE_NS_ASSERTIONS = NO;
				ENABLE_STRICT_OBJC_MSGSEND = YES;
				GCC_C_LANGUAGE_STANDARD = gnu11;
				GCC_NO_COMMON_BLOCKS = YES;
				GCC_WARN_64_TO_32_BIT_CONVERSION = YES;
				GCC_WARN_ABOUT_RETURN_TYPE = YES_ERROR;
				GCC_WARN_UNDECLARED_SELECTOR = YES;
				GCC_WARN_UNINITIALIZED_AUTOS = YES_AGGRESSIVE;
				GCC_WARN_UNUSED_FUNCTION = YES;
				GCC_WARN_UNUSED_VARIABLE = YES;
				IPHONEOS_DEPLOYMENT_TARGET = 16.2;
				MTL_ENABLE_DEBUG_INFO = NO;
				MTL_FAST_MATH = YES;
				SDKROOT = iphoneos;
				SWIFT_COMPILATION_MODE = wholemodule;
				SWIFT_OPTIMIZATION_LEVEL = "-O";
				VALIDATE_PRODUCT = YES;
			};
			name = Release;
		};
		8A0C3BBC29B2EC010013D79D /* Debug */ = {
			isa = XCBuildConfiguration;
			buildSettings = {
				ASSETCATALOG_COMPILER_APPICON_NAME = AppIcon;
				ASSETCATALOG_COMPILER_GLOBAL_ACCENT_COLOR_NAME = AccentColor;
				CODE_SIGN_STYLE = Automatic;
				CURRENT_PROJECT_VERSION = 1;
				DEVELOPMENT_ASSET_PATHS = "\"Redux_test/Preview Content\"";
				DEVELOPMENT_TEAM = JNYZF4BBNC;
				ENABLE_PREVIEWS = YES;
				GENERATE_INFOPLIST_FILE = YES;
				INFOPLIST_KEY_UIApplicationSceneManifest_Generation = YES;
				INFOPLIST_KEY_UIApplicationSupportsIndirectInputEvents = YES;
				INFOPLIST_KEY_UILaunchScreen_Generation = YES;
				INFOPLIST_KEY_UISupportedInterfaceOrientations_iPad = "UIInterfaceOrientationPortrait UIInterfaceOrientationPortraitUpsideDown UIInterfaceOrientationLandscapeLeft UIInterfaceOrientationLandscapeRight";
				INFOPLIST_KEY_UISupportedInterfaceOrientations_iPhone = "UIInterfaceOrientationPortrait UIInterfaceOrientationLandscapeLeft UIInterfaceOrientationLandscapeRight";
				LD_RUNPATH_SEARCH_PATHS = (
					"$(inherited)",
					"@executable_path/Frameworks",
				);
				MARKETING_VERSION = 1.0;
				PRODUCT_BUNDLE_IDENTIFIER = "sik.Redux-test";
				PRODUCT_NAME = "$(TARGET_NAME)";
				SWIFT_EMIT_LOC_STRINGS = YES;
				SWIFT_VERSION = 5.0;
				TARGETED_DEVICE_FAMILY = "1,2";
			};
			name = Debug;
		};
		8A0C3BBD29B2EC010013D79D /* Release */ = {
			isa = XCBuildConfiguration;
			buildSettings = {
				ASSETCATALOG_COMPILER_APPICON_NAME = AppIcon;
				ASSETCATALOG_COMPILER_GLOBAL_ACCENT_COLOR_NAME = AccentColor;
				CODE_SIGN_STYLE = Automatic;
				CURRENT_PROJECT_VERSION = 1;
				DEVELOPMENT_ASSET_PATHS = "\"Redux_test/Preview Content\"";
				DEVELOPMENT_TEAM = JNYZF4BBNC;
				ENABLE_PREVIEWS = YES;
				GENERATE_INFOPLIST_FILE = YES;
				INFOPLIST_KEY_UIApplicationSceneManifest_Generation = YES;
				INFOPLIST_KEY_UIApplicationSupportsIndirectInputEvents = YES;
				INFOPLIST_KEY_UILaunchScreen_Generation = YES;
				INFOPLIST_KEY_UISupportedInterfaceOrientations_iPad = "UIInterfaceOrientationPortrait UIInterfaceOrientationPortraitUpsideDown UIInterfaceOrientationLandscapeLeft UIInterfaceOrientationLandscapeRight";
				INFOPLIST_KEY_UISupportedInterfaceOrientations_iPhone = "UIInterfaceOrientationPortrait UIInterfaceOrientationLandscapeLeft UIInterfaceOrientationLandscapeRight";
				LD_RUNPATH_SEARCH_PATHS = (
					"$(inherited)",
					"@executable_path/Frameworks",
				);
				MARKETING_VERSION = 1.0;
				PRODUCT_BUNDLE_IDENTIFIER = "sik.Redux-test";
				PRODUCT_NAME = "$(TARGET_NAME)";
				SWIFT_EMIT_LOC_STRINGS = YES;
				SWIFT_VERSION = 5.0;
				TARGETED_DEVICE_FAMILY = "1,2";
			};
			name = Release;
		};
/* End XCBuildConfiguration section */

/* Begin XCConfigurationList section */
		8A0C3BA829B2EC000013D79D /* Build configuration list for PBXProject "Redux_test" */ = {
			isa = XCConfigurationList;
			buildConfigurations = (
				8A0C3BB929B2EC010013D79D /* Debug */,
				8A0C3BBA29B2EC010013D79D /* Release */,
			);
			defaultConfigurationIsVisible = 0;
			defaultConfigurationName = Release;
		};
		8A0C3BBB29B2EC010013D79D /* Build configuration list for PBXNativeTarget "Redux_test" */ = {
			isa = XCConfigurationList;
			buildConfigurations = (
				8A0C3BBC29B2EC010013D79D /* Debug */,
				8A0C3BBD29B2EC010013D79D /* Release */,
			);
			defaultConfigurationIsVisible = 0;
			defaultConfigurationName = Release;
		};
/* End XCConfigurationList section */
	};
	rootObject = 8A0C3BA529B2EC000013D79D /* Project object */;
}
